{
  "version": 4,
  "terraform_version": "0.12.24",
  "serial": 63,
  "lineage": "ebfe8f8a-1d7d-a08a-f28b-f7e687842e73",
  "outputs": {
    "ip": {
      "value": "35.172.144.228",
      "type": "string"
    }
  },
  "resources": [
    {
      "mode": "managed",
      "type": "aws_eip",
      "name": "ip",
      "provider": "provider.aws",
      "instances": [
        {
          "schema_version": 0,
          "attributes": {
            "allocation_id": null,
            "associate_with_private_ip": null,
            "association_id": "eipassoc-017d9de4ebcbff272",
            "domain": "vpc",
            "id": "eipalloc-03ee171386d0fb133",
            "instance": "i-093dbe63cd17bee3b",
            "network_interface": "eni-0f94e597bd8dab296",
            "private_dns": "ip-172-31-92-65.ec2.internal",
            "private_ip": "172.31.92.65",
            "public_dns": "ec2-35-172-144-228.compute-1.amazonaws.com",
            "public_ip": "35.172.144.228",
            "public_ipv4_pool": "amazon",
            "tags": null,
            "timeouts": null,
            "vpc": true
          },
          "private": "eyJlMmJmYjczMC1lY2FhLTExZTYtOGY4OC0zNDM2M2JjN2M0YzAiOnsiZGVsZXRlIjoxODAwMDAwMDAwMDAsInJlYWQiOjkwMDAwMDAwMDAwMCwidXBkYXRlIjozMDAwMDAwMDAwMDB9fQ==",
          "dependencies": [
            "aws_instance.example",
            "aws_key_pair.example"
          ]
        }
      ]
    },
    {
      "mode": "managed",
      "type": "aws_instance",
      "name": "example",
      "provider": "provider.aws",
      "instances": [
        {
          "schema_version": 1,
          "attributes": {
            "ami": "ami-0fc61db8544a617ed",
            "arn": "arn:aws:ec2:us-east-1:821777302053:instance/i-093dbe63cd17bee3b",
            "associate_public_ip_address": true,
            "availability_zone": "us-east-1b",
            "cpu_core_count": 1,
            "cpu_threads_per_core": 1,
            "credit_specification": [
              {
                "cpu_credits": "standard"
              }
            ],
            "disable_api_termination": false,
            "ebs_block_device": [],
            "ebs_optimized": false,
            "ephemeral_block_device": [],
            "get_password_data": false,
            "hibernation": false,
            "host_id": null,
            "iam_instance_profile": "",
            "id": "i-093dbe63cd17bee3b",
            "instance_initiated_shutdown_behavior": null,
            "instance_state": "running",
            "instance_type": "t2.micro",
            "ipv6_address_count": 0,
            "ipv6_addresses": [],
            "key_name": "examplekey",
            "monitoring": false,
            "network_interface": [],
            "network_interface_id": null,
            "password_data": "",
            "placement_group": "",
            "primary_network_interface_id": "eni-0f94e597bd8dab296",
            "private_dns": "ip-172-31-92-65.ec2.internal",
            "private_ip": "172.31.92.65",
            "public_dns": "ec2-3-84-250-187.compute-1.amazonaws.com",
            "public_ip": "3.84.250.187",
            "root_block_device": [
              {
                "delete_on_termination": true,
                "encrypted": false,
                "iops": 100,
                "kms_key_id": "",
                "volume_id": "vol-03d0931db010a9f97",
                "volume_size": 8,
                "volume_type": "gp2"
              }
            ],
            "security_groups": [
              "default"
            ],
            "source_dest_check": true,
            "subnet_id": "subnet-22b12a0c",
            "tags": null,
            "tenancy": "default",
            "timeouts": null,
            "user_data": null,
            "user_data_base64": null,
            "volume_tags": {},
            "vpc_security_group_ids": [
              "sg-c7908b87"
            ]
          },
          "private": "eyJlMmJmYjczMC1lY2FhLTExZTYtOGY4OC0zNDM2M2JjN2M0YzAiOnsiY3JlYXRlIjo2MDAwMDAwMDAwMDAsImRlbGV0ZSI6MTIwMDAwMDAwMDAwMCwidXBkYXRlIjo2MDAwMDAwMDAwMDB9LCJzY2hlbWFfdmVyc2lvbiI6IjEifQ==",
          "dependencies": [
            "aws_key_pair.example"
          ]
        }
      ]
    },
    {
      "mode": "managed",
      "type": "aws_key_pair",
      "name": "example",
      "provider": "provider.aws",
      "instances": [
        {
          "schema_version": 1,
          "attributes": {
            "fingerprint": "66:be:04:9d:9a:69:61:2b:b8:14:45:28:6f:ac:3d:45",
            "id": "examplekey",
            "key_name": "examplekey",
            "key_name_prefix": null,
            "key_pair_id": "key-00b11436994281c32",
            "public_key": "ssh-rsa AAAAB3NzaC1yc2EAAAADAQABAAABAQDATyWsZ+vgcMWdWQcMbG0KZjSER5WPA6ATW5ER/xEfDJ6NTM8/mYrfI+UeGnyDSyzs4/+nv9CGWVPoY1moTIkMM7faZffNB0HwAnQ2ChrM3DDdMV3ZN8p17OzGPMgfuRb5yvO2StCBdN0u2YDCI+y5ApH9p1UAmtjdgIyfc0fHn8N9RT17CPhSbT4pMzkGTixYHKePyf9r+07xYJ6R1FBt7vaFJVFr2xL8DsISj6LhuN4AuWNuJHjePVdd6XPlDgaBZgjylfuLPoX/BCgljL39gyaIoQEyiyKFc7iuLE9+ObVH/RE/3f+kW9gU4SveGLh9VeaBjEqgSXID0nHrv1VF michaelp@DESKTOP-KT14SIT",
            "tags": null
          },
          "private": "eyJzY2hlbWFfdmVyc2lvbiI6IjEifQ=="
        }
      ]
    }
  ]
}
