{
  "version": 4,
  "terraform_version": "0.12.24",
  "serial": 100,
  "lineage": "32cff079-a382-60e2-80fd-15b8be2739f3",
  "outputs": {},
  "resources": [
    {
      "mode": "data",
      "type": "http",
      "name": "terraform_ip",
      "provider": "provider.http",
      "instances": [
        {
          "schema_version": 0,
          "attributes": {
            "body": "70.25.51.109\n",
            "id": "2020-03-30 19:43:11.2651004 +0000 UTC",
            "request_headers": null,
            "response_headers": {
              "Access-Control-Allow-Methods": "GET",
              "Access-Control-Allow-Origin": "*",
              "Alt-Svc": "h3-27=\":443\"; ma=86400, h3-25=\":443\"; ma=86400, h3-24=\":443\"; ma=86400, h3-23=\":443\"; ma=86400",
              "Cf-Ray": "57c4516dbadfccfe-EWR",
              "Connection": "keep-alive",
              "Content-Length": "13",
              "Content-Type": "text/plain",
              "Date": "Mon, 30 Mar 2020 19:43:11 GMT",
              "Server": "cloudflare",
              "Set-Cookie": "__cfduid=d63e1401e5efc9fae2728b11a090d55a61585597390; expires=Wed, 29-Apr-20 19:43:10 GMT; path=/; domain=.icanhazip.com; HttpOnly; SameSite=Lax",
              "Vary": "Accept-Encoding",
              "X-Rtfm": "Learn about this site at http://bit.ly/icanhazip-faq and do not abuse the service.",
              "X-Security": "This site DOES NOT distribute malware. Get the facts. https://goo.gl/1FhVpg",
              "X-Worker-Version": "20190626_1"
            },
            "url": "http://ipv4.icanhazip.com"
          }
        }
      ]
    },
    {
      "mode": "data",
      "type": "template_cloudinit_config",
      "name": "cloudinit-example",
      "provider": "provider.template",
      "instances": [
        {
          "schema_version": 0,
          "attributes": {
            "base64_encode": false,
            "gzip": false,
            "id": "760306795",
            "part": [
              {
                "content": "# cloud-config\r\n\r\nrepo_update: true\r\nrepo_upgrade: all\r\n\r\npackages:\r\n - docker.io\r\n - lvm2\r\n\r\noutput:\r\n all: '| tee -a /var/log/cloud-init-output.log'\r\n",
                "content_type": "text/cloud-config",
                "filename": "init.cfg",
                "merge_type": ""
              },
              {
                "content": "#!/bin/bash\n\nvgchange -ay # refresh lvm state and check if there are any lvm volumes present\n\nDEVICE_FS=`blkid -o value -s TYPE /dev/xvdh` # Check if DEVICE has a file system \n\nif [ \"`echo -n  $DEVICE_FS`\" == \"\" ] ; then \n        pvcreate /dev/xvdh # initialize a disk for partition for use by LVM\n        vgcreate data /dev/xvdh # create a volume group\n        lvcreate --name volume1 -l 100%FREE data # create a logical volume in an existing volume group\n        mkfs.ext4 /dev/data/volume1 # build a Linux file system\nfi\n\nmkdir -p /data\necho '/dev/data/volume1 /data ext4 defaults 0 0' \u003e\u003e /etc/fstab\nmount /data",
                "content_type": "text/x-shellscript",
                "filename": "",
                "merge_type": ""
              }
            ],
            "rendered": "Content-Type: multipart/mixed; boundary=\"MIMEBOUNDARY\"\nMIME-Version: 1.0\r\n\r\n--MIMEBOUNDARY\r\nContent-Disposition: attachment; filename=\"init.cfg\"\r\nContent-Transfer-Encoding: 7bit\r\nContent-Type: text/cloud-config\r\nMime-Version: 1.0\r\n\r\n# cloud-config\r\n\r\nrepo_update: true\r\nrepo_upgrade: all\r\n\r\npackages:\r\n - docker.io\r\n - lvm2\r\n\r\noutput:\r\n all: '| tee -a /var/log/cloud-init-output.log'\r\n\r\n--MIMEBOUNDARY\r\nContent-Transfer-Encoding: 7bit\r\nContent-Type: text/x-shellscript\r\nMime-Version: 1.0\r\n\r\n#!/bin/bash\n\nvgchange -ay # refresh lvm state and check if there are any lvm volumes present\n\nDEVICE_FS=`blkid -o value -s TYPE /dev/xvdh` # Check if DEVICE has a file system \n\nif [ \"`echo -n  $DEVICE_FS`\" == \"\" ] ; then \n        pvcreate /dev/xvdh # initialize a disk for partition for use by LVM\n        vgcreate data /dev/xvdh # create a volume group\n        lvcreate --name volume1 -l 100%FREE data # create a logical volume in an existing volume group\n        mkfs.ext4 /dev/data/volume1 # build a Linux file system\nfi\n\nmkdir -p /data\necho '/dev/data/volume1 /data ext4 defaults 0 0' \u003e\u003e /etc/fstab\nmount /data\r\n--MIMEBOUNDARY--\r\n"
          }
        }
      ]
    },
    {
      "mode": "data",
      "type": "template_file",
      "name": "init-script",
      "provider": "provider.template",
      "instances": [
        {
          "schema_version": 0,
          "attributes": {
            "filename": null,
            "id": "8fa11d9db573c9b903e4fe969e379168cd7987591a266761502e18086a59b4bb",
            "rendered": "# cloud-config\r\n\r\nrepo_update: true\r\nrepo_upgrade: all\r\n\r\npackages:\r\n - docker.io\r\n - lvm2\r\n\r\noutput:\r\n all: '| tee -a /var/log/cloud-init-output.log'\r\n",
            "template": "# cloud-config\r\n\r\nrepo_update: true\r\nrepo_upgrade: all\r\n\r\npackages:\r\n - docker.io\r\n - lvm2\r\n\r\noutput:\r\n all: '| tee -a /var/log/cloud-init-output.log'\r\n",
            "vars": {
              "REGION": "us-east-1"
            }
          }
        }
      ]
    },
    {
      "mode": "data",
      "type": "template_file",
      "name": "shell-script",
      "provider": "provider.template",
      "instances": [
        {
          "schema_version": 0,
          "attributes": {
            "filename": null,
            "id": "dd769ceba2b22cae051741fc5a253db7770286144324e1d98ffa572165db18b3",
            "rendered": "#!/bin/bash\n\nvgchange -ay # refresh lvm state and check if there are any lvm volumes present\n\nDEVICE_FS=`blkid -o value -s TYPE /dev/xvdh` # Check if DEVICE has a file system \n\nif [ \"`echo -n  $DEVICE_FS`\" == \"\" ] ; then \n        pvcreate /dev/xvdh # initialize a disk for partition for use by LVM\n        vgcreate data /dev/xvdh # create a volume group\n        lvcreate --name volume1 -l 100%FREE data # create a logical volume in an existing volume group\n        mkfs.ext4 /dev/data/volume1 # build a Linux file system\nfi\n\nmkdir -p /data\necho '/dev/data/volume1 /data ext4 defaults 0 0' \u003e\u003e /etc/fstab\nmount /data",
            "template": "#!/bin/bash\n\nvgchange -ay # refresh lvm state and check if there are any lvm volumes present\n\nDEVICE_FS=`blkid -o value -s TYPE ${DEVICE}` # Check if DEVICE has a file system \n\nif [ \"`echo -n  $DEVICE_FS`\" == \"\" ] ; then \n        pvcreate ${DEVICE} # initialize a disk for partition for use by LVM\n        vgcreate data ${DEVICE} # create a volume group\n        lvcreate --name volume1 -l 100%FREE data # create a logical volume in an existing volume group\n        mkfs.ext4 /dev/data/volume1 # build a Linux file system\nfi\n\nmkdir -p /data\necho '/dev/data/volume1 /data ext4 defaults 0 0' \u003e\u003e /etc/fstab\nmount /data",
            "vars": {
              "DEVICE": "/dev/xvdh"
            }
          }
        }
      ]
    },
    {
      "mode": "managed",
      "type": "aws_ebs_volume",
      "name": "ebs-volume-1",
      "provider": "provider.aws",
      "instances": [
        {
          "schema_version": 0,
          "attributes": {
            "arn": "arn:aws:ec2:us-east-1:821777302053:volume/vol-03053fa75a8d3642d",
            "availability_zone": "us-east-1a",
            "encrypted": false,
            "id": "vol-03053fa75a8d3642d",
            "iops": 100,
            "kms_key_id": "",
            "size": 10,
            "snapshot_id": "",
            "tags": {
              "Name": "Extra Volume Data"
            },
            "type": "gp2"
          },
          "private": "bnVsbA=="
        }
      ]
    },
    {
      "mode": "managed",
      "type": "aws_eip",
      "name": "nat",
      "provider": "provider.aws",
      "instances": [
        {
          "schema_version": 0,
          "attributes": {
            "allocation_id": null,
            "associate_with_private_ip": null,
            "association_id": "eipassoc-0d3ac4e3167485385",
            "domain": "vpc",
            "id": "eipalloc-0857308fe2c94125c",
            "instance": "",
            "network_interface": "eni-0d61c3956c2ce208b",
            "private_dns": "ip-10-0-1-218.ec2.internal",
            "private_ip": "10.0.1.218",
            "public_dns": "ec2-3-230-157-164.compute-1.amazonaws.com",
            "public_ip": "3.230.157.164",
            "public_ipv4_pool": "amazon",
            "tags": {},
            "timeouts": null,
            "vpc": true
          },
          "private": "eyJlMmJmYjczMC1lY2FhLTExZTYtOGY4OC0zNDM2M2JjN2M0YzAiOnsiZGVsZXRlIjoxODAwMDAwMDAwMDAsInJlYWQiOjkwMDAwMDAwMDAwMCwidXBkYXRlIjozMDAwMDAwMDAwMDB9fQ=="
        }
      ]
    },
    {
      "mode": "managed",
      "type": "aws_iam_group",
      "name": "administrators",
      "provider": "provider.aws",
      "instances": [
        {
          "schema_version": 0,
          "attributes": {
            "arn": "arn:aws:iam::821777302053:group/administrators",
            "id": "administrators",
            "name": "administrators",
            "path": "/",
            "unique_id": "AGPA36VN6QISUB7SOYPPA"
          },
          "private": "bnVsbA=="
        }
      ]
    },
    {
      "mode": "managed",
      "type": "aws_iam_group_membership",
      "name": "administrators-users",
      "provider": "provider.aws",
      "instances": [
        {
          "schema_version": 0,
          "attributes": {
            "group": "administrators",
            "id": "adminstrators-users",
            "name": "adminstrators-users",
            "users": [
              "admin1",
              "admin2"
            ]
          },
          "private": "bnVsbA==",
          "dependencies": [
            "aws_iam_group.administrators",
            "aws_iam_user.admin1",
            "aws_iam_user.admin2"
          ]
        }
      ]
    },
    {
      "mode": "managed",
      "type": "aws_iam_instance_profile",
      "name": "s3-tf-test-bucket-role-instanceprofile",
      "provider": "provider.aws",
      "instances": [
        {
          "schema_version": 0,
          "attributes": {
            "arn": "arn:aws:iam::821777302053:instance-profile/s3-tf-test-bucket-role",
            "create_date": "2020-03-30T19:37:34Z",
            "id": "s3-tf-test-bucket-role",
            "name": "s3-tf-test-bucket-role",
            "name_prefix": null,
            "path": "/",
            "role": "s3-tf-test-bucket-role",
            "roles": [
              "s3-tf-test-bucket-role"
            ],
            "unique_id": "AIPA36VN6QIS45QW6WAWH"
          },
          "private": "bnVsbA==",
          "dependencies": [
            "aws_iam_role.s3-tf-test-bucket-role"
          ]
        }
      ]
    },
    {
      "mode": "managed",
      "type": "aws_iam_policy_attachment",
      "name": "adminstrators-attach",
      "provider": "provider.aws",
      "instances": [
        {
          "schema_version": 0,
          "attributes": {
            "groups": [
              "administrators"
            ],
            "id": "administrators-attach",
            "name": "administrators-attach",
            "policy_arn": "arn:aws:iam::aws:policy/AdministratorAccess",
            "roles": [],
            "users": []
          },
          "private": "bnVsbA==",
          "dependencies": [
            "aws_iam_group.administrators"
          ]
        }
      ]
    },
    {
      "mode": "managed",
      "type": "aws_iam_role",
      "name": "s3-tf-test-bucket-role",
      "provider": "provider.aws",
      "instances": [
        {
          "schema_version": 0,
          "attributes": {
            "arn": "arn:aws:iam::821777302053:role/s3-tf-test-bucket-role",
            "assume_role_policy": "{\"Version\":\"2012-10-17\",\"Statement\":[{\"Sid\":\"\",\"Effect\":\"Allow\",\"Principal\":{\"Service\":\"ec2.amazonaws.com\"},\"Action\":\"sts:AssumeRole\"}]}",
            "create_date": "2020-03-30T19:37:33Z",
            "description": "",
            "force_detach_policies": false,
            "id": "s3-tf-test-bucket-role",
            "max_session_duration": 3600,
            "name": "s3-tf-test-bucket-role",
            "name_prefix": null,
            "path": "/",
            "permissions_boundary": null,
            "tags": {},
            "unique_id": "AROA36VN6QISQEPZEE7MY"
          },
          "private": "bnVsbA=="
        }
      ]
    },
    {
      "mode": "managed",
      "type": "aws_iam_role_policy",
      "name": "s3-tf-test-role-policy",
      "provider": "provider.aws",
      "instances": [
        {
          "schema_version": 0,
          "attributes": {
            "id": "s3-tf-test-bucket-role:s3-tf-test-role-policy",
            "name": "s3-tf-test-role-policy",
            "name_prefix": null,
            "policy": "{\r\n    \"Version\": \"2012-10-17\",\r\n    \"Statement\": [\r\n        {\r\n            \"Effect\": \"Allow\",\r\n            \"Action\": [\r\n              \"s3:*\"\r\n            ],\r\n            \"Resource\": [\r\n              \"arn:aws:s3:::tf-test-bucket-bc8o42\",\r\n              \"arn:aws:s3:::tf-test-bucket-bc8o42/*\"\r\n            ]\r\n        }\r\n    ]\r\n}\r\n",
            "role": "s3-tf-test-bucket-role"
          },
          "private": "bnVsbA==",
          "dependencies": [
            "aws_iam_role.s3-tf-test-bucket-role"
          ]
        }
      ]
    },
    {
      "mode": "managed",
      "type": "aws_iam_user",
      "name": "admin1",
      "provider": "provider.aws",
      "instances": [
        {
          "schema_version": 0,
          "attributes": {
            "arn": "arn:aws:iam::821777302053:user/admin1",
            "force_destroy": false,
            "id": "admin1",
            "name": "admin1",
            "path": "/",
            "permissions_boundary": null,
            "tags": {},
            "unique_id": "AIDA36VN6QISVMMNAVNN5"
          },
          "private": "bnVsbA=="
        }
      ]
    },
    {
      "mode": "managed",
      "type": "aws_iam_user",
      "name": "admin2",
      "provider": "provider.aws",
      "instances": [
        {
          "schema_version": 0,
          "attributes": {
            "arn": "arn:aws:iam::821777302053:user/admin2",
            "force_destroy": false,
            "id": "admin2",
            "name": "admin2",
            "path": "/",
            "permissions_boundary": null,
            "tags": {},
            "unique_id": "AIDA36VN6QISV24FYB4RJ"
          },
          "private": "bnVsbA=="
        }
      ]
    },
    {
      "mode": "managed",
      "type": "aws_instance",
      "name": "example",
      "provider": "provider.aws",
      "instances": [
        {
          "schema_version": 1,
          "attributes": {
            "ami": "ami-0fc61db8544a617ed",
            "arn": "arn:aws:ec2:us-east-1:821777302053:instance/i-08d37057753300edd",
            "associate_public_ip_address": true,
            "availability_zone": "us-east-1a",
            "cpu_core_count": 1,
            "cpu_threads_per_core": 1,
            "credit_specification": [
              {
                "cpu_credits": "standard"
              }
            ],
            "disable_api_termination": false,
            "ebs_block_device": [
              {
                "delete_on_termination": false,
                "device_name": "/dev/xvdh",
                "encrypted": false,
                "iops": 100,
                "kms_key_id": "",
                "snapshot_id": "",
                "volume_id": "vol-03053fa75a8d3642d",
                "volume_size": 10,
                "volume_type": "gp2"
              }
            ],
            "ebs_optimized": false,
            "ephemeral_block_device": [],
            "get_password_data": false,
            "hibernation": false,
            "host_id": null,
            "iam_instance_profile": "s3-tf-test-bucket-role",
            "id": "i-08d37057753300edd",
            "instance_initiated_shutdown_behavior": null,
            "instance_state": "running",
            "instance_type": "t2.micro",
            "ipv6_address_count": 0,
            "ipv6_addresses": [],
            "key_name": "terraform_learning_key_pair",
            "metadata_options": [
              {
                "http_endpoint": "enabled",
                "http_put_response_hop_limit": 1,
                "http_tokens": "optional"
              }
            ],
            "monitoring": false,
            "network_interface": [],
            "network_interface_id": null,
            "password_data": "",
            "placement_group": "",
            "primary_network_interface_id": "eni-06152a826b702ed93",
            "private_dns": "ip-10-0-1-69.ec2.internal",
            "private_ip": "10.0.1.69",
            "public_dns": "ec2-3-232-133-119.compute-1.amazonaws.com",
            "public_ip": "3.232.133.119",
            "root_block_device": [
              {
                "delete_on_termination": true,
                "encrypted": false,
                "iops": 100,
                "kms_key_id": "",
                "volume_id": "vol-08d2628d0ec207726",
                "volume_size": 8,
                "volume_type": "gp2"
              }
            ],
            "security_groups": [],
            "source_dest_check": true,
            "subnet_id": "subnet-0b729883b1aaf5b83",
            "tags": {
              "Name": "Terraform learning"
            },
            "tenancy": "default",
            "timeouts": null,
            "user_data": "2e64d2bd77b7bf3a438117d177ebeedd46c038c5",
            "user_data_base64": null,
            "volume_tags": {
              "Name": "Extra Volume Data"
            },
            "vpc_security_group_ids": [
              "sg-039c72d9cea8d38a7"
            ]
          },
          "private": "eyJlMmJmYjczMC1lY2FhLTExZTYtOGY4OC0zNDM2M2JjN2M0YzAiOnsiY3JlYXRlIjo2MDAwMDAwMDAwMDAsImRlbGV0ZSI6MTIwMDAwMDAwMDAwMCwidXBkYXRlIjo2MDAwMDAwMDAwMDB9LCJzY2hlbWFfdmVyc2lvbiI6IjEifQ==",
          "dependencies": [
            "aws_iam_instance_profile.s3-tf-test-bucket-role-instanceprofile",
            "aws_iam_role.s3-tf-test-bucket-role",
            "aws_key_pair.terraform_learning_key_pair",
            "aws_security_group.terraform_learn_security_group",
            "aws_subnet.main-public-1"
          ]
        }
      ]
    },
    {
      "mode": "managed",
      "type": "aws_internet_gateway",
      "name": "main-gw",
      "provider": "provider.aws",
      "instances": [
        {
          "schema_version": 0,
          "attributes": {
            "id": "igw-0c72fe4252b795c16",
            "owner_id": "821777302053",
            "tags": {
              "Name": "main"
            },
            "vpc_id": "vpc-044fb2f67fbb53ef9"
          },
          "private": "bnVsbA==",
          "dependencies": [
            "aws_vpc.main"
          ]
        }
      ]
    },
    {
      "mode": "managed",
      "type": "aws_key_pair",
      "name": "terraform_learning_key_pair",
      "provider": "provider.aws",
      "instances": [
        {
          "schema_version": 1,
          "attributes": {
            "fingerprint": "42:64:b4:f0:59:c4:76:dc:4d:24:ef:12:9f:37:51:85",
            "id": "terraform_learning_key_pair",
            "key_name": "terraform_learning_key_pair",
            "key_name_prefix": null,
            "key_pair_id": "key-0d8d08852aa4905f3",
            "public_key": "ssh-rsa AAAAB3NzaC1yc2EAAAADAQABAAABAQC1H7233buT8tYGwSGSrxRO9k18nYoyARvl2gFwzKdDwocAPpSdxdDzJ2VeHRhvge9DM7X/jrxGR+oDnrMyix57gGHRqr+JeyjqkuYBl9BOX06+skVBZhfLtVPImooqRexYgzBJNXfugGSRd0ybtZQJ7UqIeMgbBmi2xZbJYT21giCDDidpzvahTTKATOqlEejJorsDU2GrfJBPZrIqYLba85+sE14sXhc8r49nc1To0CwDz1guMthTPR9184T+VofVfxcRNz84SkFcqfO4mWG9RQFeIGS5UKBA48YuLUIwRMFco2evlX5tOzKLqFd6n70kHBI6IBxEqUQ9/X+IbM6h Michael@DESKTOP-KT14SIT",
            "tags": {}
          },
          "private": "eyJzY2hlbWFfdmVyc2lvbiI6IjEifQ=="
        }
      ]
    },
    {
      "mode": "managed",
      "type": "aws_nat_gateway",
      "name": "nat-gw",
      "provider": "provider.aws",
      "instances": [
        {
          "schema_version": 0,
          "attributes": {
            "allocation_id": "eipalloc-0857308fe2c94125c",
            "id": "nat-0431e0ae72c881c34",
            "network_interface_id": "eni-0d61c3956c2ce208b",
            "private_ip": "10.0.1.218",
            "public_ip": "3.230.157.164",
            "subnet_id": "subnet-0b729883b1aaf5b83",
            "tags": {}
          },
          "private": "bnVsbA==",
          "dependencies": [
            "aws_eip.nat",
            "aws_internet_gateway.main-gw",
            "aws_subnet.main-public-1",
            "aws_vpc.main"
          ]
        }
      ]
    },
    {
      "mode": "managed",
      "type": "aws_route_table",
      "name": "main-private",
      "provider": "provider.aws",
      "instances": [
        {
          "schema_version": 0,
          "attributes": {
            "id": "rtb-09a1f83bfb43f9647",
            "owner_id": "821777302053",
            "propagating_vgws": [],
            "route": [
              {
                "cidr_block": "0.0.0.0/0",
                "egress_only_gateway_id": "",
                "gateway_id": "",
                "instance_id": "",
                "ipv6_cidr_block": "",
                "nat_gateway_id": "nat-0431e0ae72c881c34",
                "network_interface_id": "",
                "transit_gateway_id": "",
                "vpc_peering_connection_id": ""
              }
            ],
            "tags": {
              "Name": "main-private-1"
            },
            "vpc_id": "vpc-044fb2f67fbb53ef9"
          },
          "private": "bnVsbA==",
          "dependencies": [
            "aws_eip.nat",
            "aws_internet_gateway.main-gw",
            "aws_nat_gateway.nat-gw",
            "aws_subnet.main-public-1",
            "aws_vpc.main"
          ]
        }
      ]
    },
    {
      "mode": "managed",
      "type": "aws_route_table",
      "name": "main-public",
      "provider": "provider.aws",
      "instances": [
        {
          "schema_version": 0,
          "attributes": {
            "id": "rtb-08a6198e3216482a8",
            "owner_id": "821777302053",
            "propagating_vgws": [],
            "route": [
              {
                "cidr_block": "0.0.0.0/0",
                "egress_only_gateway_id": "",
                "gateway_id": "igw-0c72fe4252b795c16",
                "instance_id": "",
                "ipv6_cidr_block": "",
                "nat_gateway_id": "",
                "network_interface_id": "",
                "transit_gateway_id": "",
                "vpc_peering_connection_id": ""
              }
            ],
            "tags": {
              "Name": "main-public-1"
            },
            "vpc_id": "vpc-044fb2f67fbb53ef9"
          },
          "private": "bnVsbA==",
          "dependencies": [
            "aws_internet_gateway.main-gw",
            "aws_vpc.main"
          ]
        }
      ]
    },
    {
      "mode": "managed",
      "type": "aws_route_table_association",
      "name": "main-private-1-a",
      "provider": "provider.aws",
      "instances": [
        {
          "schema_version": 0,
          "attributes": {
            "gateway_id": null,
            "id": "rtbassoc-089fd2a143a373d0c",
            "route_table_id": "rtb-09a1f83bfb43f9647",
            "subnet_id": "subnet-0bde67048b5aef64b"
          },
          "private": "bnVsbA==",
          "dependencies": [
            "aws_eip.nat",
            "aws_internet_gateway.main-gw",
            "aws_nat_gateway.nat-gw",
            "aws_route_table.main-private",
            "aws_subnet.main-private-1",
            "aws_subnet.main-public-1",
            "aws_vpc.main"
          ]
        }
      ]
    },
    {
      "mode": "managed",
      "type": "aws_route_table_association",
      "name": "main-private-2-a",
      "provider": "provider.aws",
      "instances": [
        {
          "schema_version": 0,
          "attributes": {
            "gateway_id": null,
            "id": "rtbassoc-0568a46a62b64b3cb",
            "route_table_id": "rtb-09a1f83bfb43f9647",
            "subnet_id": "subnet-0d22d6124e04b10f4"
          },
          "private": "bnVsbA==",
          "dependencies": [
            "aws_eip.nat",
            "aws_internet_gateway.main-gw",
            "aws_nat_gateway.nat-gw",
            "aws_route_table.main-private",
            "aws_subnet.main-private-2",
            "aws_subnet.main-public-1",
            "aws_vpc.main"
          ]
        }
      ]
    },
    {
      "mode": "managed",
      "type": "aws_route_table_association",
      "name": "main-private-3-a",
      "provider": "provider.aws",
      "instances": [
        {
          "schema_version": 0,
          "attributes": {
            "gateway_id": null,
            "id": "rtbassoc-06439d4fa67412c4d",
            "route_table_id": "rtb-09a1f83bfb43f9647",
            "subnet_id": "subnet-086357ad96f91d7cc"
          },
          "private": "bnVsbA==",
          "dependencies": [
            "aws_eip.nat",
            "aws_internet_gateway.main-gw",
            "aws_nat_gateway.nat-gw",
            "aws_route_table.main-private",
            "aws_subnet.main-private-3",
            "aws_subnet.main-public-1",
            "aws_vpc.main"
          ]
        }
      ]
    },
    {
      "mode": "managed",
      "type": "aws_route_table_association",
      "name": "main-public-1-a",
      "provider": "provider.aws",
      "instances": [
        {
          "schema_version": 0,
          "attributes": {
            "gateway_id": null,
            "id": "rtbassoc-0f3fbe4444f33c674",
            "route_table_id": "rtb-08a6198e3216482a8",
            "subnet_id": "subnet-0b729883b1aaf5b83"
          },
          "private": "bnVsbA==",
          "dependencies": [
            "aws_internet_gateway.main-gw",
            "aws_route_table.main-public",
            "aws_subnet.main-public-1",
            "aws_vpc.main"
          ]
        }
      ]
    },
    {
      "mode": "managed",
      "type": "aws_route_table_association",
      "name": "main-public-2-a",
      "provider": "provider.aws",
      "instances": [
        {
          "schema_version": 0,
          "attributes": {
            "gateway_id": null,
            "id": "rtbassoc-021391a1b225e2a9a",
            "route_table_id": "rtb-08a6198e3216482a8",
            "subnet_id": "subnet-0e34b722109006d05"
          },
          "private": "bnVsbA==",
          "dependencies": [
            "aws_internet_gateway.main-gw",
            "aws_route_table.main-public",
            "aws_subnet.main-public-2",
            "aws_vpc.main"
          ]
        }
      ]
    },
    {
      "mode": "managed",
      "type": "aws_route_table_association",
      "name": "main-public-3-a",
      "provider": "provider.aws",
      "instances": [
        {
          "schema_version": 0,
          "attributes": {
            "gateway_id": null,
            "id": "rtbassoc-0549a4e998a12a6db",
            "route_table_id": "rtb-08a6198e3216482a8",
            "subnet_id": "subnet-06e0d7cde89ff5b22"
          },
          "private": "bnVsbA==",
          "dependencies": [
            "aws_internet_gateway.main-gw",
            "aws_route_table.main-public",
            "aws_subnet.main-public-3",
            "aws_vpc.main"
          ]
        }
      ]
    },
    {
      "mode": "managed",
      "type": "aws_security_group",
      "name": "terraform_learn_security_group",
      "provider": "provider.aws",
      "instances": [
        {
          "schema_version": 1,
          "attributes": {
            "arn": "arn:aws:ec2:us-east-1:821777302053:security-group/sg-039c72d9cea8d38a7",
            "description": "Security group to allow traffic from remote Terraform Cloud Backend",
            "egress": [
              {
                "cidr_blocks": [
                  "0.0.0.0/0"
                ],
                "description": "",
                "from_port": 0,
                "ipv6_cidr_blocks": [],
                "prefix_list_ids": [],
                "protocol": "-1",
                "security_groups": [],
                "self": false,
                "to_port": 0
              }
            ],
            "id": "sg-039c72d9cea8d38a7",
            "ingress": [
              {
                "cidr_blocks": [
                  "70.25.51.109/32"
                ],
                "description": "SSH from personal PC",
                "from_port": 22,
                "ipv6_cidr_blocks": [],
                "prefix_list_ids": [],
                "protocol": "tcp",
                "security_groups": [],
                "self": false,
                "to_port": 22
              }
            ],
            "name": "terraform_learn_sec_group",
            "name_prefix": null,
            "owner_id": "821777302053",
            "revoke_rules_on_delete": false,
            "tags": {
              "Name": "Allow Terraform remote SSH"
            },
            "timeouts": null,
            "vpc_id": "vpc-044fb2f67fbb53ef9"
          },
          "private": "eyJlMmJmYjczMC1lY2FhLTExZTYtOGY4OC0zNDM2M2JjN2M0YzAiOnsiY3JlYXRlIjo2MDAwMDAwMDAwMDAsImRlbGV0ZSI6NjAwMDAwMDAwMDAwfSwic2NoZW1hX3ZlcnNpb24iOiIxIn0=",
          "dependencies": [
            "aws_vpc.main"
          ]
        }
      ]
    },
    {
      "mode": "managed",
      "type": "aws_subnet",
      "name": "main-private-1",
      "provider": "provider.aws",
      "instances": [
        {
          "schema_version": 1,
          "attributes": {
            "arn": "arn:aws:ec2:us-east-1:821777302053:subnet/subnet-0bde67048b5aef64b",
            "assign_ipv6_address_on_creation": false,
            "availability_zone": "us-east-1a",
            "availability_zone_id": "use1-az1",
            "cidr_block": "10.0.4.0/24",
            "id": "subnet-0bde67048b5aef64b",
            "ipv6_cidr_block": "",
            "ipv6_cidr_block_association_id": "",
            "map_public_ip_on_launch": true,
            "owner_id": "821777302053",
            "tags": {
              "Name": "main-private-1"
            },
            "timeouts": null,
            "vpc_id": "vpc-044fb2f67fbb53ef9"
          },
          "private": "eyJlMmJmYjczMC1lY2FhLTExZTYtOGY4OC0zNDM2M2JjN2M0YzAiOnsiY3JlYXRlIjo2MDAwMDAwMDAwMDAsImRlbGV0ZSI6MTIwMDAwMDAwMDAwMH0sInNjaGVtYV92ZXJzaW9uIjoiMSJ9",
          "dependencies": [
            "aws_vpc.main"
          ]
        }
      ]
    },
    {
      "mode": "managed",
      "type": "aws_subnet",
      "name": "main-private-2",
      "provider": "provider.aws",
      "instances": [
        {
          "schema_version": 1,
          "attributes": {
            "arn": "arn:aws:ec2:us-east-1:821777302053:subnet/subnet-0d22d6124e04b10f4",
            "assign_ipv6_address_on_creation": false,
            "availability_zone": "us-east-1b",
            "availability_zone_id": "use1-az2",
            "cidr_block": "10.0.5.0/24",
            "id": "subnet-0d22d6124e04b10f4",
            "ipv6_cidr_block": "",
            "ipv6_cidr_block_association_id": "",
            "map_public_ip_on_launch": true,
            "owner_id": "821777302053",
            "tags": {
              "Name": "main-private-2"
            },
            "timeouts": null,
            "vpc_id": "vpc-044fb2f67fbb53ef9"
          },
          "private": "eyJlMmJmYjczMC1lY2FhLTExZTYtOGY4OC0zNDM2M2JjN2M0YzAiOnsiY3JlYXRlIjo2MDAwMDAwMDAwMDAsImRlbGV0ZSI6MTIwMDAwMDAwMDAwMH0sInNjaGVtYV92ZXJzaW9uIjoiMSJ9",
          "dependencies": [
            "aws_vpc.main"
          ]
        }
      ]
    },
    {
      "mode": "managed",
      "type": "aws_subnet",
      "name": "main-private-3",
      "provider": "provider.aws",
      "instances": [
        {
          "schema_version": 1,
          "attributes": {
            "arn": "arn:aws:ec2:us-east-1:821777302053:subnet/subnet-086357ad96f91d7cc",
            "assign_ipv6_address_on_creation": false,
            "availability_zone": "us-east-1c",
            "availability_zone_id": "use1-az4",
            "cidr_block": "10.0.6.0/24",
            "id": "subnet-086357ad96f91d7cc",
            "ipv6_cidr_block": "",
            "ipv6_cidr_block_association_id": "",
            "map_public_ip_on_launch": true,
            "owner_id": "821777302053",
            "tags": {
              "Name": "main-private-3"
            },
            "timeouts": null,
            "vpc_id": "vpc-044fb2f67fbb53ef9"
          },
          "private": "eyJlMmJmYjczMC1lY2FhLTExZTYtOGY4OC0zNDM2M2JjN2M0YzAiOnsiY3JlYXRlIjo2MDAwMDAwMDAwMDAsImRlbGV0ZSI6MTIwMDAwMDAwMDAwMH0sInNjaGVtYV92ZXJzaW9uIjoiMSJ9",
          "dependencies": [
            "aws_vpc.main"
          ]
        }
      ]
    },
    {
      "mode": "managed",
      "type": "aws_subnet",
      "name": "main-public-1",
      "provider": "provider.aws",
      "instances": [
        {
          "schema_version": 1,
          "attributes": {
            "arn": "arn:aws:ec2:us-east-1:821777302053:subnet/subnet-0b729883b1aaf5b83",
            "assign_ipv6_address_on_creation": false,
            "availability_zone": "us-east-1a",
            "availability_zone_id": "use1-az1",
            "cidr_block": "10.0.1.0/24",
            "id": "subnet-0b729883b1aaf5b83",
            "ipv6_cidr_block": "",
            "ipv6_cidr_block_association_id": "",
            "map_public_ip_on_launch": true,
            "owner_id": "821777302053",
            "tags": {
              "Name": "main-public-1"
            },
            "timeouts": null,
            "vpc_id": "vpc-044fb2f67fbb53ef9"
          },
          "private": "eyJlMmJmYjczMC1lY2FhLTExZTYtOGY4OC0zNDM2M2JjN2M0YzAiOnsiY3JlYXRlIjo2MDAwMDAwMDAwMDAsImRlbGV0ZSI6MTIwMDAwMDAwMDAwMH0sInNjaGVtYV92ZXJzaW9uIjoiMSJ9",
          "dependencies": [
            "aws_vpc.main"
          ]
        }
      ]
    },
    {
      "mode": "managed",
      "type": "aws_subnet",
      "name": "main-public-2",
      "provider": "provider.aws",
      "instances": [
        {
          "schema_version": 1,
          "attributes": {
            "arn": "arn:aws:ec2:us-east-1:821777302053:subnet/subnet-0e34b722109006d05",
            "assign_ipv6_address_on_creation": false,
            "availability_zone": "us-east-1b",
            "availability_zone_id": "use1-az2",
            "cidr_block": "10.0.2.0/24",
            "id": "subnet-0e34b722109006d05",
            "ipv6_cidr_block": "",
            "ipv6_cidr_block_association_id": "",
            "map_public_ip_on_launch": true,
            "owner_id": "821777302053",
            "tags": {
              "Name": "main-public-2"
            },
            "timeouts": null,
            "vpc_id": "vpc-044fb2f67fbb53ef9"
          },
          "private": "eyJlMmJmYjczMC1lY2FhLTExZTYtOGY4OC0zNDM2M2JjN2M0YzAiOnsiY3JlYXRlIjo2MDAwMDAwMDAwMDAsImRlbGV0ZSI6MTIwMDAwMDAwMDAwMH0sInNjaGVtYV92ZXJzaW9uIjoiMSJ9",
          "dependencies": [
            "aws_vpc.main"
          ]
        }
      ]
    },
    {
      "mode": "managed",
      "type": "aws_subnet",
      "name": "main-public-3",
      "provider": "provider.aws",
      "instances": [
        {
          "schema_version": 1,
          "attributes": {
            "arn": "arn:aws:ec2:us-east-1:821777302053:subnet/subnet-06e0d7cde89ff5b22",
            "assign_ipv6_address_on_creation": false,
            "availability_zone": "us-east-1c",
            "availability_zone_id": "use1-az4",
            "cidr_block": "10.0.3.0/24",
            "id": "subnet-06e0d7cde89ff5b22",
            "ipv6_cidr_block": "",
            "ipv6_cidr_block_association_id": "",
            "map_public_ip_on_launch": true,
            "owner_id": "821777302053",
            "tags": {
              "Name": "main-public-3"
            },
            "timeouts": null,
            "vpc_id": "vpc-044fb2f67fbb53ef9"
          },
          "private": "eyJlMmJmYjczMC1lY2FhLTExZTYtOGY4OC0zNDM2M2JjN2M0YzAiOnsiY3JlYXRlIjo2MDAwMDAwMDAwMDAsImRlbGV0ZSI6MTIwMDAwMDAwMDAwMH0sInNjaGVtYV92ZXJzaW9uIjoiMSJ9",
          "dependencies": [
            "aws_vpc.main"
          ]
        }
      ]
    },
    {
      "mode": "managed",
      "type": "aws_volume_attachment",
      "name": "ebs-volume-1-attachment",
      "provider": "provider.aws",
      "instances": [
        {
          "schema_version": 0,
          "attributes": {
            "device_name": "/dev/xvdh",
            "force_detach": true,
            "id": "vai-846983567",
            "instance_id": "i-08d37057753300edd",
            "skip_destroy": null,
            "volume_id": "vol-03053fa75a8d3642d"
          },
          "private": "bnVsbA==",
          "dependencies": [
            "aws_ebs_volume.ebs-volume-1",
            "aws_instance.example",
            "aws_key_pair.terraform_learning_key_pair",
            "aws_security_group.terraform_learn_security_group",
            "aws_subnet.main-public-1",
            "aws_vpc.main"
          ]
        }
      ]
    },
    {
      "mode": "managed",
      "type": "aws_vpc",
      "name": "main",
      "provider": "provider.aws",
      "instances": [
        {
          "schema_version": 1,
          "attributes": {
            "arn": "arn:aws:ec2:us-east-1:821777302053:vpc/vpc-044fb2f67fbb53ef9",
            "assign_generated_ipv6_cidr_block": false,
            "cidr_block": "10.0.0.0/16",
            "default_network_acl_id": "acl-07b7f8240800ad94e",
            "default_route_table_id": "rtb-039f11c741fb15402",
            "default_security_group_id": "sg-06f0adb1da60a6fe6",
            "dhcp_options_id": "dopt-50e5af2b",
            "enable_classiclink": false,
            "enable_classiclink_dns_support": false,
            "enable_dns_hostnames": true,
            "enable_dns_support": true,
            "id": "vpc-044fb2f67fbb53ef9",
            "instance_tenancy": "default",
            "ipv6_association_id": "",
            "ipv6_cidr_block": "",
            "main_route_table_id": "rtb-039f11c741fb15402",
            "owner_id": "821777302053",
            "tags": {
              "Name": "LearningVPC"
            }
          },
          "private": "eyJzY2hlbWFfdmVyc2lvbiI6IjEifQ=="
        }
      ]
    }
  ]
}
