{
  "version": 4,
  "terraform_version": "0.12.24",
  "serial": 311,
  "lineage": "32cff079-a382-60e2-80fd-15b8be2739f3",
  "outputs": {},
  "resources": [
    {
      "mode": "data",
      "type": "http",
      "name": "terraform_ip",
      "provider": "provider.http",
      "instances": [
        {
          "schema_version": 0,
          "attributes": {
            "body": "70.25.51.109\n",
            "id": "2020-03-31 02:55:07.1128279 +0000 UTC",
            "request_headers": null,
            "response_headers": {
              "Access-Control-Allow-Methods": "GET",
              "Access-Control-Allow-Origin": "*",
              "Alt-Svc": "h3-27=\":443\"; ma=86400, h3-25=\":443\"; ma=86400, h3-24=\":443\"; ma=86400, h3-23=\":443\"; ma=86400",
              "Cf-Ray": "57c6ca2428fde851-EWR",
              "Connection": "keep-alive",
              "Content-Length": "13",
              "Content-Type": "text/plain",
              "Date": "Tue, 31 Mar 2020 02:55:06 GMT",
              "Server": "cloudflare",
              "Set-Cookie": "__cfduid=d5271d5ac557081a7a54208e4dd1dc5de1585623306; expires=Thu, 30-Apr-20 02:55:06 GMT; path=/; domain=.icanhazip.com; HttpOnly; SameSite=Lax",
              "Vary": "Accept-Encoding",
              "X-Rtfm": "Learn about this site at http://bit.ly/icanhazip-faq and do not abuse the service.",
              "X-Security": "This site DOES NOT distribute malware. Get the facts. https://goo.gl/1FhVpg",
              "X-Worker-Version": "20190626_1"
            },
            "url": "http://ipv4.icanhazip.com"
          }
        }
      ]
    },
    {
      "mode": "data",
      "type": "template_cloudinit_config",
      "name": "cloudinit-example",
      "provider": "provider.template",
      "instances": [
        {
          "schema_version": 0,
          "attributes": {
            "base64_encode": false,
            "gzip": false,
            "id": "2123540826",
            "part": [
              {
                "content": "# cloud-config\r\n\r\nrepo_update: true\r\nrepo_upgrade: all\r\n\r\npackages:\r\n - docker.io\r\n - lvm2\r\n\r\noutput:\r\n all: '| tee -a /var/log/cloud-init-output.log'\r\n",
                "content_type": "text/cloud-config",
                "filename": "init.cfg",
                "merge_type": ""
              },
              {
                "content": "#!/bin/bash\n\nvgchange -ay # refresh lvm state and check if there are any lvm volumes present\n\nDEVICE_FS=`blkid -o value -s TYPE /dev/xvdh` # Check if DEVICE has a file system \n\nif [ \"`echo -n  $DEVICE_FS`\" == \"\" ] ; then \n        pvcreate /dev/xvdh # initialize a disk for partition for use by LVM\n        vgcreate data /dev/xvdh # create a volume group\n        lvcreate --name volume1 -l 100%FREE data # create a logical volume in an existing volume group\n        mkfs.ext4 /dev/data/volume1 # build a Linux file system\nfi\n\nmkdir -p /data\necho '/dev/data/volume1 /data ext4 defaults 0 0' \u003e\u003e /etc/fstab\nmount /data\n\nyum install httpd -y\napachectl start\nchkconfig --add httpd\nchkconfig httpd on\necho \"Hello from Terraform\" \u003e /var/www/html/index.html",
                "content_type": "text/x-shellscript",
                "filename": "",
                "merge_type": ""
              }
            ],
            "rendered": "Content-Type: multipart/mixed; boundary=\"MIMEBOUNDARY\"\nMIME-Version: 1.0\r\n\r\n--MIMEBOUNDARY\r\nContent-Disposition: attachment; filename=\"init.cfg\"\r\nContent-Transfer-Encoding: 7bit\r\nContent-Type: text/cloud-config\r\nMime-Version: 1.0\r\n\r\n# cloud-config\r\n\r\nrepo_update: true\r\nrepo_upgrade: all\r\n\r\npackages:\r\n - docker.io\r\n - lvm2\r\n\r\noutput:\r\n all: '| tee -a /var/log/cloud-init-output.log'\r\n\r\n--MIMEBOUNDARY\r\nContent-Transfer-Encoding: 7bit\r\nContent-Type: text/x-shellscript\r\nMime-Version: 1.0\r\n\r\n#!/bin/bash\n\nvgchange -ay # refresh lvm state and check if there are any lvm volumes present\n\nDEVICE_FS=`blkid -o value -s TYPE /dev/xvdh` # Check if DEVICE has a file system \n\nif [ \"`echo -n  $DEVICE_FS`\" == \"\" ] ; then \n        pvcreate /dev/xvdh # initialize a disk for partition for use by LVM\n        vgcreate data /dev/xvdh # create a volume group\n        lvcreate --name volume1 -l 100%FREE data # create a logical volume in an existing volume group\n        mkfs.ext4 /dev/data/volume1 # build a Linux file system\nfi\n\nmkdir -p /data\necho '/dev/data/volume1 /data ext4 defaults 0 0' \u003e\u003e /etc/fstab\nmount /data\n\nyum install httpd -y\napachectl start\nchkconfig --add httpd\nchkconfig httpd on\necho \"Hello from Terraform\" \u003e /var/www/html/index.html\r\n--MIMEBOUNDARY--\r\n"
          }
        }
      ]
    },
    {
      "mode": "data",
      "type": "template_file",
      "name": "init-script",
      "provider": "provider.template",
      "instances": [
        {
          "schema_version": 0,
          "attributes": {
            "filename": null,
            "id": "8fa11d9db573c9b903e4fe969e379168cd7987591a266761502e18086a59b4bb",
            "rendered": "# cloud-config\r\n\r\nrepo_update: true\r\nrepo_upgrade: all\r\n\r\npackages:\r\n - docker.io\r\n - lvm2\r\n\r\noutput:\r\n all: '| tee -a /var/log/cloud-init-output.log'\r\n",
            "template": "# cloud-config\r\n\r\nrepo_update: true\r\nrepo_upgrade: all\r\n\r\npackages:\r\n - docker.io\r\n - lvm2\r\n\r\noutput:\r\n all: '| tee -a /var/log/cloud-init-output.log'\r\n",
            "vars": {
              "REGION": "us-east-1"
            }
          }
        }
      ]
    },
    {
      "mode": "data",
      "type": "template_file",
      "name": "shell-script",
      "provider": "provider.template",
      "instances": [
        {
          "schema_version": 0,
          "attributes": {
            "filename": null,
            "id": "5e2916d6405794571177cf08c21cf8e0a81d30558c38aa1b4225c8cf4baf81be",
            "rendered": "#!/bin/bash\n\nvgchange -ay # refresh lvm state and check if there are any lvm volumes present\n\nDEVICE_FS=`blkid -o value -s TYPE /dev/xvdh` # Check if DEVICE has a file system \n\nif [ \"`echo -n  $DEVICE_FS`\" == \"\" ] ; then \n        pvcreate /dev/xvdh # initialize a disk for partition for use by LVM\n        vgcreate data /dev/xvdh # create a volume group\n        lvcreate --name volume1 -l 100%FREE data # create a logical volume in an existing volume group\n        mkfs.ext4 /dev/data/volume1 # build a Linux file system\nfi\n\nmkdir -p /data\necho '/dev/data/volume1 /data ext4 defaults 0 0' \u003e\u003e /etc/fstab\nmount /data\n\nyum install httpd -y\napachectl start\nchkconfig --add httpd\nchkconfig httpd on\necho \"Hello from Terraform\" \u003e /var/www/html/index.html",
            "template": "#!/bin/bash\n\nvgchange -ay # refresh lvm state and check if there are any lvm volumes present\n\nDEVICE_FS=`blkid -o value -s TYPE ${DEVICE}` # Check if DEVICE has a file system \n\nif [ \"`echo -n  $DEVICE_FS`\" == \"\" ] ; then \n        pvcreate ${DEVICE} # initialize a disk for partition for use by LVM\n        vgcreate data ${DEVICE} # create a volume group\n        lvcreate --name volume1 -l 100%FREE data # create a logical volume in an existing volume group\n        mkfs.ext4 /dev/data/volume1 # build a Linux file system\nfi\n\nmkdir -p /data\necho '/dev/data/volume1 /data ext4 defaults 0 0' \u003e\u003e /etc/fstab\nmount /data\n\nyum install httpd -y\napachectl start\nchkconfig --add httpd\nchkconfig httpd on\necho \"Hello from Terraform\" \u003e /var/www/html/index.html",
            "vars": {
              "DEVICE": "/dev/xvdh"
            }
          }
        }
      ]
    },
    {
      "mode": "managed",
      "type": "aws_autoscaling_group",
      "name": "example-autoscaling",
      "provider": "provider.aws",
      "instances": [
        {
          "schema_version": 0,
          "attributes": {
            "arn": "arn:aws:autoscaling:us-east-1:821777302053:autoScalingGroup:94634493-47d9-4987-8147-182a191e1148:autoScalingGroupName/example-autoscaling",
            "availability_zones": [
              "us-east-1a",
              "us-east-1b"
            ],
            "default_cooldown": 300,
            "desired_capacity": 1,
            "enabled_metrics": [],
            "force_delete": true,
            "health_check_grace_period": 300,
            "health_check_type": "ELB",
            "id": "example-autoscaling",
            "initial_lifecycle_hook": [],
            "launch_configuration": "example-launchconfig20200331011144859300000001",
            "launch_template": [],
            "load_balancers": [],
            "max_instance_lifetime": 0,
            "max_size": 2,
            "metrics_granularity": "1Minute",
            "min_elb_capacity": null,
            "min_size": 1,
            "mixed_instances_policy": [],
            "name": "example-autoscaling",
            "name_prefix": null,
            "placement_group": "",
            "protect_from_scale_in": false,
            "service_linked_role_arn": "arn:aws:iam::821777302053:role/aws-service-role/autoscaling.amazonaws.com/AWSServiceRoleForAutoScaling",
            "suspended_processes": [],
            "tag": [
              {
                "key": "Name",
                "propagate_at_launch": true,
                "value": "ec2 instance"
              }
            ],
            "tags": null,
            "target_group_arns": [
              "arn:aws:elasticloadbalancing:us-east-1:821777302053:targetgroup/tf-example-lb-tg/7d6b0a892bd47e41"
            ],
            "termination_policies": [],
            "timeouts": null,
            "vpc_zone_identifier": [
              "subnet-0f131ba9ad534287a",
              "subnet-0faddc8ab9d1972ab"
            ],
            "wait_for_capacity_timeout": "10m",
            "wait_for_elb_capacity": null
          },
          "private": "eyJlMmJmYjczMC1lY2FhLTExZTYtOGY4OC0zNDM2M2JjN2M0YzAiOnsiZGVsZXRlIjo2MDAwMDAwMDAwMDB9fQ==",
          "dependencies": [
            "aws_launch_configuration.example-launchconfig",
            "aws_lb_target_group.test",
            "aws_subnet.main-public-1",
            "aws_subnet.main-public-2"
          ]
        }
      ]
    },
    {
      "mode": "managed",
      "type": "aws_autoscaling_policy",
      "name": "example-cpu-policy",
      "provider": "provider.aws",
      "instances": [
        {
          "schema_version": 0,
          "attributes": {
            "adjustment_type": "ChangeInCapacity",
            "arn": "arn:aws:autoscaling:us-east-1:821777302053:scalingPolicy:680951c9-f11d-4a1a-92c8-c5b3fcd8558a:autoScalingGroupName/example-autoscaling:policyName/example-cpu-policy",
            "autoscaling_group_name": "example-autoscaling",
            "cooldown": 300,
            "estimated_instance_warmup": 0,
            "id": "example-cpu-policy",
            "metric_aggregation_type": "",
            "min_adjustment_magnitude": null,
            "min_adjustment_step": null,
            "name": "example-cpu-policy",
            "policy_type": "SimpleScaling",
            "scaling_adjustment": 1,
            "step_adjustment": [],
            "target_tracking_configuration": []
          },
          "private": "bnVsbA==",
          "dependencies": [
            "aws_autoscaling_group.example-autoscaling",
            "aws_elb.tf-test-elb",
            "aws_key_pair.terraform_learning_key_pair",
            "aws_launch_configuration.example-launchconfig",
            "aws_security_group.terraform_learn_elb_security_group",
            "aws_security_group.terraform_learn_security_group",
            "aws_subnet.main-public-1",
            "aws_subnet.main-public-2",
            "aws_vpc.main"
          ]
        }
      ]
    },
    {
      "mode": "managed",
      "type": "aws_autoscaling_policy",
      "name": "example-cpu-policy-scaledown",
      "provider": "provider.aws",
      "instances": [
        {
          "schema_version": 0,
          "attributes": {
            "adjustment_type": "ChangeInCapacity",
            "arn": "arn:aws:autoscaling:us-east-1:821777302053:scalingPolicy:3b1ef641-daf3-4367-9b12-7a18b85084b1:autoScalingGroupName/example-autoscaling:policyName/example-cpu-policy-scaledown",
            "autoscaling_group_name": "example-autoscaling",
            "cooldown": 300,
            "estimated_instance_warmup": 0,
            "id": "example-cpu-policy-scaledown",
            "metric_aggregation_type": "",
            "min_adjustment_magnitude": null,
            "min_adjustment_step": null,
            "name": "example-cpu-policy-scaledown",
            "policy_type": "SimpleScaling",
            "scaling_adjustment": -1,
            "step_adjustment": [],
            "target_tracking_configuration": []
          },
          "private": "bnVsbA==",
          "dependencies": [
            "aws_autoscaling_group.example-autoscaling",
            "aws_elb.tf-test-elb",
            "aws_key_pair.terraform_learning_key_pair",
            "aws_launch_configuration.example-launchconfig",
            "aws_security_group.terraform_learn_elb_security_group",
            "aws_security_group.terraform_learn_security_group",
            "aws_subnet.main-public-1",
            "aws_subnet.main-public-2",
            "aws_vpc.main"
          ]
        }
      ]
    },
    {
      "mode": "managed",
      "type": "aws_cloudwatch_metric_alarm",
      "name": "example-cpu-alarm",
      "provider": "provider.aws",
      "instances": [
        {
          "schema_version": 1,
          "attributes": {
            "actions_enabled": true,
            "alarm_actions": [
              "arn:aws:autoscaling:us-east-1:821777302053:scalingPolicy:680951c9-f11d-4a1a-92c8-c5b3fcd8558a:autoScalingGroupName/example-autoscaling:policyName/example-cpu-policy"
            ],
            "alarm_description": "example-cpu-alarm",
            "alarm_name": "example-cpu-alarm",
            "arn": "arn:aws:cloudwatch:us-east-1:821777302053:alarm:example-cpu-alarm",
            "comparison_operator": "GreaterThanOrEqualToThreshold",
            "datapoints_to_alarm": 0,
            "dimensions": {
              "AutoScalingGroupName": "example-autoscaling"
            },
            "evaluate_low_sample_count_percentiles": "",
            "evaluation_periods": 2,
            "extended_statistic": "",
            "id": "example-cpu-alarm",
            "insufficient_data_actions": [],
            "metric_name": "CPUUtilization",
            "metric_query": [],
            "namespace": "AWS/EC2",
            "ok_actions": [],
            "period": 120,
            "statistic": "Average",
            "tags": {},
            "threshold": 60,
            "threshold_metric_id": "",
            "treat_missing_data": "missing",
            "unit": ""
          },
          "private": "eyJzY2hlbWFfdmVyc2lvbiI6IjEifQ==",
          "dependencies": [
            "aws_autoscaling_group.example-autoscaling",
            "aws_autoscaling_policy.example-cpu-policy",
            "aws_elb.tf-test-elb",
            "aws_key_pair.terraform_learning_key_pair",
            "aws_launch_configuration.example-launchconfig",
            "aws_security_group.terraform_learn_elb_security_group",
            "aws_security_group.terraform_learn_security_group",
            "aws_subnet.main-public-1",
            "aws_subnet.main-public-2",
            "aws_vpc.main"
          ]
        }
      ]
    },
    {
      "mode": "managed",
      "type": "aws_cloudwatch_metric_alarm",
      "name": "example-cpu-alarm-scaledown",
      "provider": "provider.aws",
      "instances": [
        {
          "schema_version": 1,
          "attributes": {
            "actions_enabled": true,
            "alarm_actions": [
              "arn:aws:autoscaling:us-east-1:821777302053:scalingPolicy:3b1ef641-daf3-4367-9b12-7a18b85084b1:autoScalingGroupName/example-autoscaling:policyName/example-cpu-policy-scaledown"
            ],
            "alarm_description": "example-cpu-alarm-scaledown",
            "alarm_name": "example-cpu-alarm-scaledown",
            "arn": "arn:aws:cloudwatch:us-east-1:821777302053:alarm:example-cpu-alarm-scaledown",
            "comparison_operator": "LessThanOrEqualToThreshold",
            "datapoints_to_alarm": 0,
            "dimensions": {
              "AutoScalingGroupName": "example-autoscaling"
            },
            "evaluate_low_sample_count_percentiles": "",
            "evaluation_periods": 2,
            "extended_statistic": "",
            "id": "example-cpu-alarm-scaledown",
            "insufficient_data_actions": [],
            "metric_name": "CPUUtilization",
            "metric_query": [],
            "namespace": "AWS/EC2",
            "ok_actions": [],
            "period": 120,
            "statistic": "Average",
            "tags": {},
            "threshold": 5,
            "threshold_metric_id": "",
            "treat_missing_data": "missing",
            "unit": ""
          },
          "private": "eyJzY2hlbWFfdmVyc2lvbiI6IjEifQ==",
          "dependencies": [
            "aws_autoscaling_group.example-autoscaling",
            "aws_autoscaling_policy.example-cpu-policy-scaledown",
            "aws_elb.tf-test-elb",
            "aws_key_pair.terraform_learning_key_pair",
            "aws_launch_configuration.example-launchconfig",
            "aws_security_group.terraform_learn_elb_security_group",
            "aws_security_group.terraform_learn_security_group",
            "aws_subnet.main-public-1",
            "aws_subnet.main-public-2",
            "aws_vpc.main"
          ]
        }
      ]
    },
    {
      "mode": "managed",
      "type": "aws_ebs_volume",
      "name": "ebs-volume-1",
      "provider": "provider.aws",
      "instances": [
        {
          "schema_version": 0,
          "attributes": {
            "arn": "arn:aws:ec2:us-east-1:821777302053:volume/vol-06393ecb46dcd75de",
            "availability_zone": "us-east-1a",
            "encrypted": false,
            "id": "vol-06393ecb46dcd75de",
            "iops": 100,
            "kms_key_id": "",
            "size": 10,
            "snapshot_id": "",
            "tags": {
              "Name": "Extra Volume Data"
            },
            "type": "gp2"
          },
          "private": "bnVsbA=="
        }
      ]
    },
    {
      "mode": "managed",
      "type": "aws_eip",
      "name": "nat",
      "provider": "provider.aws",
      "instances": [
        {
          "schema_version": 0,
          "attributes": {
            "allocation_id": null,
            "associate_with_private_ip": null,
            "association_id": "eipassoc-01b0104ac5427bf4e",
            "domain": "vpc",
            "id": "eipalloc-0514fe85db21a947e",
            "instance": "",
            "network_interface": "eni-0cf2fb4e3c74eaf73",
            "private_dns": "ip-10-0-1-48.ec2.internal",
            "private_ip": "10.0.1.48",
            "public_dns": "ec2-54-236-73-11.compute-1.amazonaws.com",
            "public_ip": "54.236.73.11",
            "public_ipv4_pool": "amazon",
            "tags": {},
            "timeouts": null,
            "vpc": true
          },
          "private": "eyJlMmJmYjczMC1lY2FhLTExZTYtOGY4OC0zNDM2M2JjN2M0YzAiOnsiZGVsZXRlIjoxODAwMDAwMDAwMDAsInJlYWQiOjkwMDAwMDAwMDAwMCwidXBkYXRlIjozMDAwMDAwMDAwMDB9fQ=="
        }
      ]
    },
    {
      "mode": "managed",
      "type": "aws_iam_group",
      "name": "administrators",
      "provider": "provider.aws",
      "instances": [
        {
          "schema_version": 0,
          "attributes": {
            "arn": "arn:aws:iam::821777302053:group/administrators",
            "id": "administrators",
            "name": "administrators",
            "path": "/",
            "unique_id": "AGPA36VN6QISW4XC64JHB"
          },
          "private": "bnVsbA=="
        }
      ]
    },
    {
      "mode": "managed",
      "type": "aws_iam_group_membership",
      "name": "administrators-users",
      "provider": "provider.aws",
      "instances": [
        {
          "schema_version": 0,
          "attributes": {
            "group": "administrators",
            "id": "adminstrators-users",
            "name": "adminstrators-users",
            "users": [
              "admin1",
              "admin2"
            ]
          },
          "private": "bnVsbA==",
          "dependencies": [
            "aws_iam_group.administrators",
            "aws_iam_user.admin1",
            "aws_iam_user.admin2"
          ]
        }
      ]
    },
    {
      "mode": "managed",
      "type": "aws_iam_instance_profile",
      "name": "s3-tf-test-bucket-role-instanceprofile",
      "provider": "provider.aws",
      "instances": [
        {
          "schema_version": 0,
          "attributes": {
            "arn": "arn:aws:iam::821777302053:instance-profile/s3-tf-test-bucket-role",
            "create_date": "2020-03-31T01:11:38Z",
            "id": "s3-tf-test-bucket-role",
            "name": "s3-tf-test-bucket-role",
            "name_prefix": null,
            "path": "/",
            "role": "s3-tf-test-bucket-role",
            "roles": [
              "s3-tf-test-bucket-role"
            ],
            "unique_id": "AIPA36VN6QISTCVF2WTBF"
          },
          "private": "bnVsbA==",
          "dependencies": [
            "aws_iam_role.s3-tf-test-bucket-role"
          ]
        }
      ]
    },
    {
      "mode": "managed",
      "type": "aws_iam_policy_attachment",
      "name": "adminstrators-attach",
      "provider": "provider.aws",
      "instances": [
        {
          "schema_version": 0,
          "attributes": {
            "groups": [
              "administrators"
            ],
            "id": "administrators-attach",
            "name": "administrators-attach",
            "policy_arn": "arn:aws:iam::aws:policy/AdministratorAccess",
            "roles": [],
            "users": []
          },
          "private": "bnVsbA==",
          "dependencies": [
            "aws_iam_group.administrators"
          ]
        }
      ]
    },
    {
      "mode": "managed",
      "type": "aws_iam_role",
      "name": "s3-tf-test-bucket-role",
      "provider": "provider.aws",
      "instances": [
        {
          "schema_version": 0,
          "attributes": {
            "arn": "arn:aws:iam::821777302053:role/s3-tf-test-bucket-role",
            "assume_role_policy": "{\"Version\":\"2012-10-17\",\"Statement\":[{\"Sid\":\"\",\"Effect\":\"Allow\",\"Principal\":{\"Service\":\"ec2.amazonaws.com\"},\"Action\":\"sts:AssumeRole\"}]}",
            "create_date": "2020-03-31T01:11:38Z",
            "description": "",
            "force_detach_policies": false,
            "id": "s3-tf-test-bucket-role",
            "max_session_duration": 3600,
            "name": "s3-tf-test-bucket-role",
            "name_prefix": null,
            "path": "/",
            "permissions_boundary": null,
            "tags": {},
            "unique_id": "AROA36VN6QISQ7LYAPJH3"
          },
          "private": "bnVsbA=="
        }
      ]
    },
    {
      "mode": "managed",
      "type": "aws_iam_role_policy",
      "name": "s3-tf-test-role-policy",
      "provider": "provider.aws",
      "instances": [
        {
          "schema_version": 0,
          "attributes": {
            "id": "s3-tf-test-bucket-role:s3-tf-test-role-policy",
            "name": "s3-tf-test-role-policy",
            "name_prefix": null,
            "policy": "{\r\n    \"Version\": \"2012-10-17\",\r\n    \"Statement\": [\r\n        {\r\n            \"Effect\": \"Allow\",\r\n            \"Action\": [\r\n              \"s3:*\"\r\n            ],\r\n            \"Resource\": [\r\n              \"arn:aws:s3:::tf-test-bucket-bc8o42\",\r\n              \"arn:aws:s3:::tf-test-bucket-bc8o42/*\"\r\n            ]\r\n        }\r\n    ]\r\n}\r\n",
            "role": "s3-tf-test-bucket-role"
          },
          "private": "bnVsbA==",
          "dependencies": [
            "aws_iam_role.s3-tf-test-bucket-role"
          ]
        }
      ]
    },
    {
      "mode": "managed",
      "type": "aws_iam_user",
      "name": "admin1",
      "provider": "provider.aws",
      "instances": [
        {
          "schema_version": 0,
          "attributes": {
            "arn": "arn:aws:iam::821777302053:user/admin1",
            "force_destroy": false,
            "id": "admin1",
            "name": "admin1",
            "path": "/",
            "permissions_boundary": null,
            "tags": {},
            "unique_id": "AIDA36VN6QIS7D7EWLA67"
          },
          "private": "bnVsbA=="
        }
      ]
    },
    {
      "mode": "managed",
      "type": "aws_iam_user",
      "name": "admin2",
      "provider": "provider.aws",
      "instances": [
        {
          "schema_version": 0,
          "attributes": {
            "arn": "arn:aws:iam::821777302053:user/admin2",
            "force_destroy": false,
            "id": "admin2",
            "name": "admin2",
            "path": "/",
            "permissions_boundary": null,
            "tags": {},
            "unique_id": "AIDA36VN6QISVN4C4BZFD"
          },
          "private": "bnVsbA=="
        }
      ]
    },
    {
      "mode": "managed",
      "type": "aws_instance",
      "name": "example",
      "provider": "provider.aws",
      "instances": [
        {
          "schema_version": 1,
          "attributes": {
            "ami": "ami-0fc61db8544a617ed",
            "arn": "arn:aws:ec2:us-east-1:821777302053:instance/i-09889635af52ef8cc",
            "associate_public_ip_address": true,
            "availability_zone": "us-east-1a",
            "cpu_core_count": 1,
            "cpu_threads_per_core": 1,
            "credit_specification": [
              {
                "cpu_credits": "standard"
              }
            ],
            "disable_api_termination": false,
            "ebs_block_device": [
              {
                "delete_on_termination": false,
                "device_name": "/dev/xvdh",
                "encrypted": false,
                "iops": 100,
                "kms_key_id": "",
                "snapshot_id": "",
                "volume_id": "vol-06393ecb46dcd75de",
                "volume_size": 10,
                "volume_type": "gp2"
              }
            ],
            "ebs_optimized": false,
            "ephemeral_block_device": [],
            "get_password_data": false,
            "hibernation": false,
            "host_id": null,
            "iam_instance_profile": "s3-tf-test-bucket-role",
            "id": "i-09889635af52ef8cc",
            "instance_initiated_shutdown_behavior": null,
            "instance_state": "running",
            "instance_type": "t2.micro",
            "ipv6_address_count": 0,
            "ipv6_addresses": [],
            "key_name": "terraform_learning_key_pair",
            "metadata_options": [
              {
                "http_endpoint": "enabled",
                "http_put_response_hop_limit": 1,
                "http_tokens": "optional"
              }
            ],
            "monitoring": false,
            "network_interface": [],
            "network_interface_id": null,
            "password_data": "",
            "placement_group": "",
            "primary_network_interface_id": "eni-0be97a62bcb3acfa9",
            "private_dns": "ip-10-0-1-13.ec2.internal",
            "private_ip": "10.0.1.13",
            "public_dns": "ec2-34-201-48-66.compute-1.amazonaws.com",
            "public_ip": "34.201.48.66",
            "root_block_device": [
              {
                "delete_on_termination": true,
                "encrypted": false,
                "iops": 100,
                "kms_key_id": "",
                "volume_id": "vol-0cc03c2204070963d",
                "volume_size": 8,
                "volume_type": "gp2"
              }
            ],
            "security_groups": [],
            "source_dest_check": true,
            "subnet_id": "subnet-0faddc8ab9d1972ab",
            "tags": {
              "Name": "Terraform learning"
            },
            "tenancy": "default",
            "timeouts": null,
            "user_data": "bec0b9253adbaf3ad2343f0aad5d2b8543fa3853",
            "user_data_base64": null,
            "volume_tags": {
              "Name": "Extra Volume Data"
            },
            "vpc_security_group_ids": [
              "sg-0016ff1e957e51da9"
            ]
          },
          "private": "eyJlMmJmYjczMC1lY2FhLTExZTYtOGY4OC0zNDM2M2JjN2M0YzAiOnsiY3JlYXRlIjo2MDAwMDAwMDAwMDAsImRlbGV0ZSI6MTIwMDAwMDAwMDAwMCwidXBkYXRlIjo2MDAwMDAwMDAwMDB9LCJzY2hlbWFfdmVyc2lvbiI6IjEifQ==",
          "dependencies": [
            "aws_iam_instance_profile.s3-tf-test-bucket-role-instanceprofile",
            "aws_iam_role.s3-tf-test-bucket-role",
            "aws_key_pair.terraform_learning_key_pair",
            "aws_security_group.terraform_learn_elb_security_group",
            "aws_security_group.terraform_learn_security_group",
            "aws_subnet.main-public-1",
            "aws_vpc.main"
          ]
        }
      ]
    },
    {
      "mode": "managed",
      "type": "aws_internet_gateway",
      "name": "main-gw",
      "provider": "provider.aws",
      "instances": [
        {
          "schema_version": 0,
          "attributes": {
            "id": "igw-0cf624b9badae9a76",
            "owner_id": "821777302053",
            "tags": {
              "Name": "main"
            },
            "vpc_id": "vpc-06f5aa172799aaf14"
          },
          "private": "bnVsbA==",
          "dependencies": [
            "aws_vpc.main"
          ]
        }
      ]
    },
    {
      "mode": "managed",
      "type": "aws_key_pair",
      "name": "terraform_learning_key_pair",
      "provider": "provider.aws",
      "instances": [
        {
          "schema_version": 1,
          "attributes": {
            "fingerprint": "42:64:b4:f0:59:c4:76:dc:4d:24:ef:12:9f:37:51:85",
            "id": "terraform_learning_key_pair",
            "key_name": "terraform_learning_key_pair",
            "key_name_prefix": null,
            "key_pair_id": "key-02ab6f16d218cb9ed",
            "public_key": "ssh-rsa AAAAB3NzaC1yc2EAAAADAQABAAABAQC1H7233buT8tYGwSGSrxRO9k18nYoyARvl2gFwzKdDwocAPpSdxdDzJ2VeHRhvge9DM7X/jrxGR+oDnrMyix57gGHRqr+JeyjqkuYBl9BOX06+skVBZhfLtVPImooqRexYgzBJNXfugGSRd0ybtZQJ7UqIeMgbBmi2xZbJYT21giCDDidpzvahTTKATOqlEejJorsDU2GrfJBPZrIqYLba85+sE14sXhc8r49nc1To0CwDz1guMthTPR9184T+VofVfxcRNz84SkFcqfO4mWG9RQFeIGS5UKBA48YuLUIwRMFco2evlX5tOzKLqFd6n70kHBI6IBxEqUQ9/X+IbM6h Michael@DESKTOP-KT14SIT",
            "tags": {}
          },
          "private": "eyJzY2hlbWFfdmVyc2lvbiI6IjEifQ=="
        }
      ]
    },
    {
      "mode": "managed",
      "type": "aws_launch_configuration",
      "name": "example-launchconfig",
      "provider": "provider.aws",
      "instances": [
        {
          "schema_version": 0,
          "attributes": {
            "arn": "arn:aws:autoscaling:us-east-1:821777302053:launchConfiguration:115df564-11aa-465d-bbd6-ac8bc146bde6:launchConfigurationName/example-launchconfig20200331011144859300000001",
            "associate_public_ip_address": false,
            "ebs_block_device": [],
            "ebs_optimized": false,
            "enable_monitoring": true,
            "ephemeral_block_device": [],
            "iam_instance_profile": "",
            "id": "example-launchconfig20200331011144859300000001",
            "image_id": "ami-0fc61db8544a617ed",
            "instance_type": "t2.micro",
            "key_name": "terraform_learning_key_pair",
            "name": "example-launchconfig20200331011144859300000001",
            "name_prefix": "example-launchconfig",
            "placement_tenancy": null,
            "root_block_device": [],
            "security_groups": [
              "sg-0016ff1e957e51da9"
            ],
            "spot_price": "",
            "user_data": null,
            "user_data_base64": null,
            "vpc_classic_link_id": "",
            "vpc_classic_link_security_groups": []
          },
          "private": "bnVsbA==",
          "dependencies": [
            "aws_key_pair.terraform_learning_key_pair",
            "aws_security_group.terraform_learn_elb_security_group",
            "aws_security_group.terraform_learn_security_group",
            "aws_vpc.main"
          ]
        }
      ]
    },
    {
      "mode": "managed",
      "type": "aws_lb",
      "name": "tf-test-elb",
      "provider": "provider.aws",
      "instances": [
        {
          "schema_version": 0,
          "attributes": {
            "access_logs": [
              {
                "bucket": "",
                "enabled": false,
                "prefix": ""
              }
            ],
            "arn": "arn:aws:elasticloadbalancing:us-east-1:821777302053:loadbalancer/app/tf-test-elb/c07f5b8cd64662bd",
            "arn_suffix": "app/tf-test-elb/c07f5b8cd64662bd",
            "dns_name": "tf-test-elb-1921806329.us-east-1.elb.amazonaws.com",
            "drop_invalid_header_fields": false,
            "enable_cross_zone_load_balancing": null,
            "enable_deletion_protection": false,
            "enable_http2": true,
            "id": "arn:aws:elasticloadbalancing:us-east-1:821777302053:loadbalancer/app/tf-test-elb/c07f5b8cd64662bd",
            "idle_timeout": 60,
            "internal": false,
            "ip_address_type": "ipv4",
            "load_balancer_type": "application",
            "name": "tf-test-elb",
            "name_prefix": null,
            "security_groups": [
              "sg-0084f3c174686fc52"
            ],
            "subnet_mapping": [
              {
                "allocation_id": "",
                "subnet_id": "subnet-0f131ba9ad534287a"
              },
              {
                "allocation_id": "",
                "subnet_id": "subnet-0faddc8ab9d1972ab"
              }
            ],
            "subnets": [
              "subnet-0f131ba9ad534287a",
              "subnet-0faddc8ab9d1972ab"
            ],
            "tags": {
              "Name": "tf-test-elb"
            },
            "timeouts": null,
            "vpc_id": "vpc-06f5aa172799aaf14",
            "zone_id": "Z35SXDOTRQ7X7K"
          },
          "private": "eyJlMmJmYjczMC1lY2FhLTExZTYtOGY4OC0zNDM2M2JjN2M0YzAiOnsiY3JlYXRlIjo2MDAwMDAwMDAwMDAsImRlbGV0ZSI6NjAwMDAwMDAwMDAwLCJ1cGRhdGUiOjYwMDAwMDAwMDAwMH19",
          "dependencies": [
            "aws_security_group.terraform_learn_elb_security_group",
            "aws_subnet.main-public-1",
            "aws_subnet.main-public-2"
          ]
        }
      ]
    },
    {
      "mode": "managed",
      "type": "aws_lb_listener",
      "name": "front_end",
      "provider": "provider.aws",
      "instances": [
        {
          "schema_version": 0,
          "attributes": {
            "arn": "arn:aws:elasticloadbalancing:us-east-1:821777302053:listener/app/tf-test-elb/c07f5b8cd64662bd/7d94ea9801c77760",
            "certificate_arn": null,
            "default_action": [
              {
                "authenticate_cognito": [],
                "authenticate_oidc": [],
                "fixed_response": [],
                "order": 1,
                "redirect": [],
                "target_group_arn": "arn:aws:elasticloadbalancing:us-east-1:821777302053:targetgroup/tf-example-lb-tg/7d6b0a892bd47e41",
                "type": "forward"
              }
            ],
            "id": "arn:aws:elasticloadbalancing:us-east-1:821777302053:listener/app/tf-test-elb/c07f5b8cd64662bd/7d94ea9801c77760",
            "load_balancer_arn": "arn:aws:elasticloadbalancing:us-east-1:821777302053:loadbalancer/app/tf-test-elb/c07f5b8cd64662bd",
            "port": 80,
            "protocol": "HTTP",
            "ssl_policy": "",
            "timeouts": null
          },
          "private": "eyJlMmJmYjczMC1lY2FhLTExZTYtOGY4OC0zNDM2M2JjN2M0YzAiOnsicmVhZCI6NjAwMDAwMDAwMDAwfX0=",
          "dependencies": [
            "aws_lb.tf-test-elb",
            "aws_lb_target_group.test",
            "aws_security_group.terraform_learn_elb_security_group",
            "aws_subnet.main-public-1",
            "aws_subnet.main-public-2",
            "aws_vpc.main"
          ]
        }
      ]
    },
    {
      "mode": "managed",
      "type": "aws_lb_target_group",
      "name": "test",
      "provider": "provider.aws",
      "instances": [
        {
          "schema_version": 0,
          "attributes": {
            "arn": "arn:aws:elasticloadbalancing:us-east-1:821777302053:targetgroup/tf-example-lb-tg/7d6b0a892bd47e41",
            "arn_suffix": "targetgroup/tf-example-lb-tg/7d6b0a892bd47e41",
            "deregistration_delay": 300,
            "health_check": [
              {
                "enabled": true,
                "healthy_threshold": 5,
                "interval": 30,
                "matcher": "200",
                "path": "/",
                "port": "traffic-port",
                "protocol": "HTTP",
                "timeout": 5,
                "unhealthy_threshold": 2
              }
            ],
            "id": "arn:aws:elasticloadbalancing:us-east-1:821777302053:targetgroup/tf-example-lb-tg/7d6b0a892bd47e41",
            "lambda_multi_value_headers_enabled": false,
            "load_balancing_algorithm_type": "round_robin",
            "name": "tf-example-lb-tg",
            "name_prefix": null,
            "port": 80,
            "protocol": "HTTP",
            "proxy_protocol_v2": false,
            "slow_start": 0,
            "stickiness": [
              {
                "cookie_duration": 86400,
                "enabled": false,
                "type": "lb_cookie"
              }
            ],
            "tags": {},
            "target_type": "instance",
            "vpc_id": "vpc-06f5aa172799aaf14"
          },
          "private": "bnVsbA==",
          "dependencies": [
            "aws_vpc.main"
          ]
        }
      ]
    },
    {
      "mode": "managed",
      "type": "aws_lb_target_group_attachment",
      "name": "test",
      "provider": "provider.aws",
      "instances": [
        {
          "schema_version": 0,
          "attributes": {
            "availability_zone": null,
            "id": "arn:aws:elasticloadbalancing:us-east-1:821777302053:targetgroup/tf-example-lb-tg/7d6b0a892bd47e41-20200331020513562400000001",
            "port": 80,
            "target_group_arn": "arn:aws:elasticloadbalancing:us-east-1:821777302053:targetgroup/tf-example-lb-tg/7d6b0a892bd47e41",
            "target_id": "i-09889635af52ef8cc"
          },
          "private": "bnVsbA==",
          "dependencies": [
            "aws_instance.example",
            "aws_lb_target_group.test",
            "aws_vpc.main"
          ]
        }
      ]
    },
    {
      "mode": "managed",
      "type": "aws_nat_gateway",
      "name": "nat-gw",
      "provider": "provider.aws",
      "instances": [
        {
          "schema_version": 0,
          "attributes": {
            "allocation_id": "eipalloc-0514fe85db21a947e",
            "id": "nat-0e74a27b6cde5e701",
            "network_interface_id": "eni-0cf2fb4e3c74eaf73",
            "private_ip": "10.0.1.48",
            "public_ip": "54.236.73.11",
            "subnet_id": "subnet-0faddc8ab9d1972ab",
            "tags": {}
          },
          "private": "bnVsbA==",
          "dependencies": [
            "aws_eip.nat",
            "aws_internet_gateway.main-gw",
            "aws_subnet.main-public-1",
            "aws_vpc.main"
          ]
        }
      ]
    },
    {
      "mode": "managed",
      "type": "aws_route_table",
      "name": "main-private",
      "provider": "provider.aws",
      "instances": [
        {
          "schema_version": 0,
          "attributes": {
            "id": "rtb-0bf1407e986ba2f94",
            "owner_id": "821777302053",
            "propagating_vgws": [],
            "route": [
              {
                "cidr_block": "0.0.0.0/0",
                "egress_only_gateway_id": "",
                "gateway_id": "",
                "instance_id": "",
                "ipv6_cidr_block": "",
                "nat_gateway_id": "nat-0e74a27b6cde5e701",
                "network_interface_id": "",
                "transit_gateway_id": "",
                "vpc_peering_connection_id": ""
              }
            ],
            "tags": {
              "Name": "main-private-1"
            },
            "vpc_id": "vpc-06f5aa172799aaf14"
          },
          "private": "bnVsbA==",
          "dependencies": [
            "aws_eip.nat",
            "aws_internet_gateway.main-gw",
            "aws_nat_gateway.nat-gw",
            "aws_subnet.main-public-1",
            "aws_vpc.main"
          ]
        }
      ]
    },
    {
      "mode": "managed",
      "type": "aws_route_table",
      "name": "main-public",
      "provider": "provider.aws",
      "instances": [
        {
          "schema_version": 0,
          "attributes": {
            "id": "rtb-09d02f1af8922bf91",
            "owner_id": "821777302053",
            "propagating_vgws": [],
            "route": [
              {
                "cidr_block": "0.0.0.0/0",
                "egress_only_gateway_id": "",
                "gateway_id": "igw-0cf624b9badae9a76",
                "instance_id": "",
                "ipv6_cidr_block": "",
                "nat_gateway_id": "",
                "network_interface_id": "",
                "transit_gateway_id": "",
                "vpc_peering_connection_id": ""
              }
            ],
            "tags": {
              "Name": "main-public-1"
            },
            "vpc_id": "vpc-06f5aa172799aaf14"
          },
          "private": "bnVsbA==",
          "dependencies": [
            "aws_internet_gateway.main-gw",
            "aws_vpc.main"
          ]
        }
      ]
    },
    {
      "mode": "managed",
      "type": "aws_route_table_association",
      "name": "main-private-1-a",
      "provider": "provider.aws",
      "instances": [
        {
          "schema_version": 0,
          "attributes": {
            "gateway_id": null,
            "id": "rtbassoc-09fa60186f93e7c3f",
            "route_table_id": "rtb-0bf1407e986ba2f94",
            "subnet_id": "subnet-00047863473d95dc3"
          },
          "private": "bnVsbA==",
          "dependencies": [
            "aws_eip.nat",
            "aws_internet_gateway.main-gw",
            "aws_nat_gateway.nat-gw",
            "aws_route_table.main-private",
            "aws_subnet.main-private-1",
            "aws_subnet.main-public-1",
            "aws_vpc.main"
          ]
        }
      ]
    },
    {
      "mode": "managed",
      "type": "aws_route_table_association",
      "name": "main-private-2-a",
      "provider": "provider.aws",
      "instances": [
        {
          "schema_version": 0,
          "attributes": {
            "gateway_id": null,
            "id": "rtbassoc-0fb6e12dea7c37402",
            "route_table_id": "rtb-0bf1407e986ba2f94",
            "subnet_id": "subnet-09de3b7d1e08796f7"
          },
          "private": "bnVsbA==",
          "dependencies": [
            "aws_eip.nat",
            "aws_internet_gateway.main-gw",
            "aws_nat_gateway.nat-gw",
            "aws_route_table.main-private",
            "aws_subnet.main-private-2",
            "aws_subnet.main-public-1",
            "aws_vpc.main"
          ]
        }
      ]
    },
    {
      "mode": "managed",
      "type": "aws_route_table_association",
      "name": "main-private-3-a",
      "provider": "provider.aws",
      "instances": [
        {
          "schema_version": 0,
          "attributes": {
            "gateway_id": null,
            "id": "rtbassoc-0a3beb75e4fc85d14",
            "route_table_id": "rtb-0bf1407e986ba2f94",
            "subnet_id": "subnet-038f5fef98e43c80b"
          },
          "private": "bnVsbA==",
          "dependencies": [
            "aws_eip.nat",
            "aws_internet_gateway.main-gw",
            "aws_nat_gateway.nat-gw",
            "aws_route_table.main-private",
            "aws_subnet.main-private-3",
            "aws_subnet.main-public-1",
            "aws_vpc.main"
          ]
        }
      ]
    },
    {
      "mode": "managed",
      "type": "aws_route_table_association",
      "name": "main-public-1-a",
      "provider": "provider.aws",
      "instances": [
        {
          "schema_version": 0,
          "attributes": {
            "gateway_id": null,
            "id": "rtbassoc-0e873b6c787f73d62",
            "route_table_id": "rtb-09d02f1af8922bf91",
            "subnet_id": "subnet-0faddc8ab9d1972ab"
          },
          "private": "bnVsbA==",
          "dependencies": [
            "aws_internet_gateway.main-gw",
            "aws_route_table.main-public",
            "aws_subnet.main-public-1",
            "aws_vpc.main"
          ]
        }
      ]
    },
    {
      "mode": "managed",
      "type": "aws_route_table_association",
      "name": "main-public-2-a",
      "provider": "provider.aws",
      "instances": [
        {
          "schema_version": 0,
          "attributes": {
            "gateway_id": null,
            "id": "rtbassoc-08a4a3df7aeab3dac",
            "route_table_id": "rtb-09d02f1af8922bf91",
            "subnet_id": "subnet-0f131ba9ad534287a"
          },
          "private": "bnVsbA==",
          "dependencies": [
            "aws_internet_gateway.main-gw",
            "aws_route_table.main-public",
            "aws_subnet.main-public-2",
            "aws_vpc.main"
          ]
        }
      ]
    },
    {
      "mode": "managed",
      "type": "aws_route_table_association",
      "name": "main-public-3-a",
      "provider": "provider.aws",
      "instances": [
        {
          "schema_version": 0,
          "attributes": {
            "gateway_id": null,
            "id": "rtbassoc-0aec9163a41c99e3b",
            "route_table_id": "rtb-09d02f1af8922bf91",
            "subnet_id": "subnet-0cfd3342f16b49571"
          },
          "private": "bnVsbA==",
          "dependencies": [
            "aws_internet_gateway.main-gw",
            "aws_route_table.main-public",
            "aws_subnet.main-public-3",
            "aws_vpc.main"
          ]
        }
      ]
    },
    {
      "mode": "managed",
      "type": "aws_s3_bucket",
      "name": "b",
      "provider": "provider.aws",
      "instances": [
        {
          "schema_version": 0,
          "attributes": {
            "acceleration_status": "",
            "acl": "private",
            "arn": "arn:aws:s3:::tf-test-bucket-bc8o42",
            "bucket": "tf-test-bucket-bc8o42",
            "bucket_domain_name": "tf-test-bucket-bc8o42.s3.amazonaws.com",
            "bucket_prefix": null,
            "bucket_regional_domain_name": "tf-test-bucket-bc8o42.s3.amazonaws.com",
            "cors_rule": [],
            "force_destroy": false,
            "grant": [],
            "hosted_zone_id": "Z3AQBSTGFYJSTF",
            "id": "tf-test-bucket-bc8o42",
            "lifecycle_rule": [],
            "logging": [],
            "object_lock_configuration": [],
            "policy": null,
            "region": "us-east-1",
            "replication_configuration": [],
            "request_payer": "BucketOwner",
            "server_side_encryption_configuration": [],
            "tags": {
              "Name": "tf-test-bucket-bc8o42"
            },
            "versioning": [
              {
                "enabled": false,
                "mfa_delete": false
              }
            ],
            "website": [],
            "website_domain": null,
            "website_endpoint": null
          },
          "private": "bnVsbA=="
        }
      ]
    },
    {
      "mode": "managed",
      "type": "aws_security_group",
      "name": "terraform_learn_elb_security_group",
      "provider": "provider.aws",
      "instances": [
        {
          "schema_version": 1,
          "attributes": {
            "arn": "arn:aws:ec2:us-east-1:821777302053:security-group/sg-0084f3c174686fc52",
            "description": "Security group for HTTP traffic from personal PC to ELB",
            "egress": [
              {
                "cidr_blocks": [
                  "0.0.0.0/0"
                ],
                "description": "",
                "from_port": 0,
                "ipv6_cidr_blocks": [],
                "prefix_list_ids": [],
                "protocol": "-1",
                "security_groups": [],
                "self": false,
                "to_port": 0
              }
            ],
            "id": "sg-0084f3c174686fc52",
            "ingress": [
              {
                "cidr_blocks": [
                  "70.25.51.109/32"
                ],
                "description": "HTTP Traffic from my PC",
                "from_port": 80,
                "ipv6_cidr_blocks": [],
                "prefix_list_ids": [],
                "protocol": "tcp",
                "security_groups": [],
                "self": false,
                "to_port": 80
              }
            ],
            "name": "terraform_learn_elb_sec_group",
            "name_prefix": null,
            "owner_id": "821777302053",
            "revoke_rules_on_delete": false,
            "tags": {
              "Name": "Allow Port 80 from Personal PC"
            },
            "timeouts": null,
            "vpc_id": "vpc-06f5aa172799aaf14"
          },
          "private": "eyJlMmJmYjczMC1lY2FhLTExZTYtOGY4OC0zNDM2M2JjN2M0YzAiOnsiY3JlYXRlIjo2MDAwMDAwMDAwMDAsImRlbGV0ZSI6NjAwMDAwMDAwMDAwfSwic2NoZW1hX3ZlcnNpb24iOiIxIn0=",
          "dependencies": [
            "aws_vpc.main"
          ]
        }
      ]
    },
    {
      "mode": "managed",
      "type": "aws_security_group",
      "name": "terraform_learn_security_group",
      "provider": "provider.aws",
      "instances": [
        {
          "schema_version": 1,
          "attributes": {
            "arn": "arn:aws:ec2:us-east-1:821777302053:security-group/sg-0016ff1e957e51da9",
            "description": "Security group to allow traffic from personal PC and for ELB to access instances over port 80",
            "egress": [
              {
                "cidr_blocks": [
                  "0.0.0.0/0"
                ],
                "description": "",
                "from_port": 0,
                "ipv6_cidr_blocks": [],
                "prefix_list_ids": [],
                "protocol": "-1",
                "security_groups": [],
                "self": false,
                "to_port": 0
              }
            ],
            "id": "sg-0016ff1e957e51da9",
            "ingress": [
              {
                "cidr_blocks": [
                  "70.25.51.109/32"
                ],
                "description": "Port 80 for ELB HTTP traffic",
                "from_port": 80,
                "ipv6_cidr_blocks": [],
                "prefix_list_ids": [],
                "protocol": "tcp",
                "security_groups": [
                  "sg-0084f3c174686fc52"
                ],
                "self": false,
                "to_port": 80
              },
              {
                "cidr_blocks": [
                  "70.25.51.109/32"
                ],
                "description": "SSH from personal PC",
                "from_port": 22,
                "ipv6_cidr_blocks": [],
                "prefix_list_ids": [],
                "protocol": "tcp",
                "security_groups": [],
                "self": false,
                "to_port": 22
              },
              {
                "cidr_blocks": [],
                "description": "Port 8080 for ELB health checks",
                "from_port": 8080,
                "ipv6_cidr_blocks": [],
                "prefix_list_ids": [],
                "protocol": "tcp",
                "security_groups": [
                  "sg-0084f3c174686fc52"
                ],
                "self": false,
                "to_port": 8080
              }
            ],
            "name": "terraform_learn_sec_group",
            "name_prefix": null,
            "owner_id": "821777302053",
            "revoke_rules_on_delete": false,
            "tags": {
              "Name": "Allow SSH and ELB Port 80"
            },
            "timeouts": null,
            "vpc_id": "vpc-06f5aa172799aaf14"
          },
          "private": "eyJlMmJmYjczMC1lY2FhLTExZTYtOGY4OC0zNDM2M2JjN2M0YzAiOnsiY3JlYXRlIjo2MDAwMDAwMDAwMDAsImRlbGV0ZSI6NjAwMDAwMDAwMDAwfSwic2NoZW1hX3ZlcnNpb24iOiIxIn0=",
          "dependencies": [
            "aws_security_group.terraform_learn_elb_security_group",
            "aws_vpc.main"
          ]
        }
      ]
    },
    {
      "mode": "managed",
      "type": "aws_subnet",
      "name": "main-private-1",
      "provider": "provider.aws",
      "instances": [
        {
          "schema_version": 1,
          "attributes": {
            "arn": "arn:aws:ec2:us-east-1:821777302053:subnet/subnet-00047863473d95dc3",
            "assign_ipv6_address_on_creation": false,
            "availability_zone": "us-east-1a",
            "availability_zone_id": "use1-az1",
            "cidr_block": "10.0.4.0/24",
            "id": "subnet-00047863473d95dc3",
            "ipv6_cidr_block": "",
            "ipv6_cidr_block_association_id": "",
            "map_public_ip_on_launch": true,
            "owner_id": "821777302053",
            "tags": {
              "Name": "main-private-1"
            },
            "timeouts": null,
            "vpc_id": "vpc-06f5aa172799aaf14"
          },
          "private": "eyJlMmJmYjczMC1lY2FhLTExZTYtOGY4OC0zNDM2M2JjN2M0YzAiOnsiY3JlYXRlIjo2MDAwMDAwMDAwMDAsImRlbGV0ZSI6MTIwMDAwMDAwMDAwMH0sInNjaGVtYV92ZXJzaW9uIjoiMSJ9",
          "dependencies": [
            "aws_vpc.main"
          ]
        }
      ]
    },
    {
      "mode": "managed",
      "type": "aws_subnet",
      "name": "main-private-2",
      "provider": "provider.aws",
      "instances": [
        {
          "schema_version": 1,
          "attributes": {
            "arn": "arn:aws:ec2:us-east-1:821777302053:subnet/subnet-09de3b7d1e08796f7",
            "assign_ipv6_address_on_creation": false,
            "availability_zone": "us-east-1b",
            "availability_zone_id": "use1-az2",
            "cidr_block": "10.0.5.0/24",
            "id": "subnet-09de3b7d1e08796f7",
            "ipv6_cidr_block": "",
            "ipv6_cidr_block_association_id": "",
            "map_public_ip_on_launch": true,
            "owner_id": "821777302053",
            "tags": {
              "Name": "main-private-2"
            },
            "timeouts": null,
            "vpc_id": "vpc-06f5aa172799aaf14"
          },
          "private": "eyJlMmJmYjczMC1lY2FhLTExZTYtOGY4OC0zNDM2M2JjN2M0YzAiOnsiY3JlYXRlIjo2MDAwMDAwMDAwMDAsImRlbGV0ZSI6MTIwMDAwMDAwMDAwMH0sInNjaGVtYV92ZXJzaW9uIjoiMSJ9",
          "dependencies": [
            "aws_vpc.main"
          ]
        }
      ]
    },
    {
      "mode": "managed",
      "type": "aws_subnet",
      "name": "main-private-3",
      "provider": "provider.aws",
      "instances": [
        {
          "schema_version": 1,
          "attributes": {
            "arn": "arn:aws:ec2:us-east-1:821777302053:subnet/subnet-038f5fef98e43c80b",
            "assign_ipv6_address_on_creation": false,
            "availability_zone": "us-east-1c",
            "availability_zone_id": "use1-az4",
            "cidr_block": "10.0.6.0/24",
            "id": "subnet-038f5fef98e43c80b",
            "ipv6_cidr_block": "",
            "ipv6_cidr_block_association_id": "",
            "map_public_ip_on_launch": true,
            "owner_id": "821777302053",
            "tags": {
              "Name": "main-private-3"
            },
            "timeouts": null,
            "vpc_id": "vpc-06f5aa172799aaf14"
          },
          "private": "eyJlMmJmYjczMC1lY2FhLTExZTYtOGY4OC0zNDM2M2JjN2M0YzAiOnsiY3JlYXRlIjo2MDAwMDAwMDAwMDAsImRlbGV0ZSI6MTIwMDAwMDAwMDAwMH0sInNjaGVtYV92ZXJzaW9uIjoiMSJ9",
          "dependencies": [
            "aws_vpc.main"
          ]
        }
      ]
    },
    {
      "mode": "managed",
      "type": "aws_subnet",
      "name": "main-public-1",
      "provider": "provider.aws",
      "instances": [
        {
          "schema_version": 1,
          "attributes": {
            "arn": "arn:aws:ec2:us-east-1:821777302053:subnet/subnet-0faddc8ab9d1972ab",
            "assign_ipv6_address_on_creation": false,
            "availability_zone": "us-east-1a",
            "availability_zone_id": "use1-az1",
            "cidr_block": "10.0.1.0/24",
            "id": "subnet-0faddc8ab9d1972ab",
            "ipv6_cidr_block": "",
            "ipv6_cidr_block_association_id": "",
            "map_public_ip_on_launch": true,
            "owner_id": "821777302053",
            "tags": {
              "Name": "main-public-1"
            },
            "timeouts": null,
            "vpc_id": "vpc-06f5aa172799aaf14"
          },
          "private": "eyJlMmJmYjczMC1lY2FhLTExZTYtOGY4OC0zNDM2M2JjN2M0YzAiOnsiY3JlYXRlIjo2MDAwMDAwMDAwMDAsImRlbGV0ZSI6MTIwMDAwMDAwMDAwMH0sInNjaGVtYV92ZXJzaW9uIjoiMSJ9",
          "dependencies": [
            "aws_vpc.main"
          ]
        }
      ]
    },
    {
      "mode": "managed",
      "type": "aws_subnet",
      "name": "main-public-2",
      "provider": "provider.aws",
      "instances": [
        {
          "schema_version": 1,
          "attributes": {
            "arn": "arn:aws:ec2:us-east-1:821777302053:subnet/subnet-0f131ba9ad534287a",
            "assign_ipv6_address_on_creation": false,
            "availability_zone": "us-east-1b",
            "availability_zone_id": "use1-az2",
            "cidr_block": "10.0.2.0/24",
            "id": "subnet-0f131ba9ad534287a",
            "ipv6_cidr_block": "",
            "ipv6_cidr_block_association_id": "",
            "map_public_ip_on_launch": true,
            "owner_id": "821777302053",
            "tags": {
              "Name": "main-public-2"
            },
            "timeouts": null,
            "vpc_id": "vpc-06f5aa172799aaf14"
          },
          "private": "eyJlMmJmYjczMC1lY2FhLTExZTYtOGY4OC0zNDM2M2JjN2M0YzAiOnsiY3JlYXRlIjo2MDAwMDAwMDAwMDAsImRlbGV0ZSI6MTIwMDAwMDAwMDAwMH0sInNjaGVtYV92ZXJzaW9uIjoiMSJ9",
          "dependencies": [
            "aws_vpc.main"
          ]
        }
      ]
    },
    {
      "mode": "managed",
      "type": "aws_subnet",
      "name": "main-public-3",
      "provider": "provider.aws",
      "instances": [
        {
          "schema_version": 1,
          "attributes": {
            "arn": "arn:aws:ec2:us-east-1:821777302053:subnet/subnet-0cfd3342f16b49571",
            "assign_ipv6_address_on_creation": false,
            "availability_zone": "us-east-1c",
            "availability_zone_id": "use1-az4",
            "cidr_block": "10.0.3.0/24",
            "id": "subnet-0cfd3342f16b49571",
            "ipv6_cidr_block": "",
            "ipv6_cidr_block_association_id": "",
            "map_public_ip_on_launch": true,
            "owner_id": "821777302053",
            "tags": {
              "Name": "main-public-3"
            },
            "timeouts": null,
            "vpc_id": "vpc-06f5aa172799aaf14"
          },
          "private": "eyJlMmJmYjczMC1lY2FhLTExZTYtOGY4OC0zNDM2M2JjN2M0YzAiOnsiY3JlYXRlIjo2MDAwMDAwMDAwMDAsImRlbGV0ZSI6MTIwMDAwMDAwMDAwMH0sInNjaGVtYV92ZXJzaW9uIjoiMSJ9",
          "dependencies": [
            "aws_vpc.main"
          ]
        }
      ]
    },
    {
      "mode": "managed",
      "type": "aws_volume_attachment",
      "name": "ebs-volume-1-attachment",
      "provider": "provider.aws",
      "instances": [
        {
          "schema_version": 0,
          "attributes": {
            "device_name": "/dev/xvdh",
            "force_detach": true,
            "id": "vai-3249319222",
            "instance_id": "i-09889635af52ef8cc",
            "skip_destroy": null,
            "volume_id": "vol-06393ecb46dcd75de"
          },
          "private": "bnVsbA==",
          "dependencies": [
            "aws_ebs_volume.ebs-volume-1",
            "aws_iam_instance_profile.s3-tf-test-bucket-role-instanceprofile",
            "aws_iam_role.s3-tf-test-bucket-role",
            "aws_instance.example",
            "aws_key_pair.terraform_learning_key_pair",
            "aws_security_group.terraform_learn_elb_security_group",
            "aws_security_group.terraform_learn_security_group",
            "aws_subnet.main-public-1",
            "aws_vpc.main"
          ]
        }
      ]
    },
    {
      "mode": "managed",
      "type": "aws_vpc",
      "name": "main",
      "provider": "provider.aws",
      "instances": [
        {
          "schema_version": 1,
          "attributes": {
            "arn": "arn:aws:ec2:us-east-1:821777302053:vpc/vpc-06f5aa172799aaf14",
            "assign_generated_ipv6_cidr_block": false,
            "cidr_block": "10.0.0.0/16",
            "default_network_acl_id": "acl-0400fc6b24d988b14",
            "default_route_table_id": "rtb-081d64c5a6d83c1c4",
            "default_security_group_id": "sg-00f363e9299b87f21",
            "dhcp_options_id": "dopt-50e5af2b",
            "enable_classiclink": false,
            "enable_classiclink_dns_support": false,
            "enable_dns_hostnames": true,
            "enable_dns_support": true,
            "id": "vpc-06f5aa172799aaf14",
            "instance_tenancy": "default",
            "ipv6_association_id": "",
            "ipv6_cidr_block": "",
            "main_route_table_id": "rtb-081d64c5a6d83c1c4",
            "owner_id": "821777302053",
            "tags": {
              "Name": "LearningVPC"
            }
          },
          "private": "eyJzY2hlbWFfdmVyc2lvbiI6IjEifQ=="
        }
      ]
    }
  ]
}
